// !$*UTF8*$!
{
	archiveVersion = 1;
	classes = {
	};
	objectVersion = 50;
	objects = {

/* Begin PBXBuildFile section */
		F728759F24AE9C4400543960 /* Publisher+Combine.swift in Sources */ = {isa = PBXBuildFile; fileRef = F728758E24AE9C4400543960 /* Publisher+Combine.swift */; };
		F72875A024AE9C4400543960 /* Publisher+Combine.swift in Sources */ = {isa = PBXBuildFile; fileRef = F728758E24AE9C4400543960 /* Publisher+Combine.swift */; };
		F72875A124AE9C4400543960 /* URLSession+Combine.swift in Sources */ = {isa = PBXBuildFile; fileRef = F728758F24AE9C4400543960 /* URLSession+Combine.swift */; };
		F72875A224AE9C4400543960 /* URLSession+Combine.swift in Sources */ = {isa = PBXBuildFile; fileRef = F728758F24AE9C4400543960 /* URLSession+Combine.swift */; };
		F72875A324AE9C4400543960 /* CLGeocoder+Combine.swift in Sources */ = {isa = PBXBuildFile; fileRef = F728759024AE9C4400543960 /* CLGeocoder+Combine.swift */; };
		F72875A424AE9C4400543960 /* CLGeocoder+Combine.swift in Sources */ = {isa = PBXBuildFile; fileRef = F728759024AE9C4400543960 /* CLGeocoder+Combine.swift */; };
		F72875A524AE9C4400543960 /* CLLocationManager+Combine.swift in Sources */ = {isa = PBXBuildFile; fileRef = F728759124AE9C4400543960 /* CLLocationManager+Combine.swift */; };
		F72875A624AE9C4400543960 /* CLLocationManager+Combine.swift in Sources */ = {isa = PBXBuildFile; fileRef = F728759124AE9C4400543960 /* CLLocationManager+Combine.swift */; };
		F72875A724AE9C4400543960 /* Dictionary+Query.swift in Sources */ = {isa = PBXBuildFile; fileRef = F728759224AE9C4400543960 /* Dictionary+Query.swift */; };
		F72875A824AE9C4400543960 /* Dictionary+Query.swift in Sources */ = {isa = PBXBuildFile; fileRef = F728759224AE9C4400543960 /* Dictionary+Query.swift */; };
		F72875A924AE9C4400543960 /* CGSize+Geometry.swift in Sources */ = {isa = PBXBuildFile; fileRef = F728759324AE9C4400543960 /* CGSize+Geometry.swift */; };
		F72875AA24AE9C4400543960 /* CGSize+Geometry.swift in Sources */ = {isa = PBXBuildFile; fileRef = F728759324AE9C4400543960 /* CGSize+Geometry.swift */; };
		F72875AB24AE9C4400543960 /* Double+WeatherIcons.swift in Sources */ = {isa = PBXBuildFile; fileRef = F728759424AE9C4400543960 /* Double+WeatherIcons.swift */; };
		F72875AC24AE9C4400543960 /* Double+WeatherIcons.swift in Sources */ = {isa = PBXBuildFile; fileRef = F728759424AE9C4400543960 /* Double+WeatherIcons.swift */; };
		F72875AD24AE9C4400543960 /* Formatters.swift in Sources */ = {isa = PBXBuildFile; fileRef = F728759524AE9C4400543960 /* Formatters.swift */; };
		F72875AE24AE9C4400543960 /* Formatters.swift in Sources */ = {isa = PBXBuildFile; fileRef = F728759524AE9C4400543960 /* Formatters.swift */; };
		F72875AF24AE9C4400543960 /* String+WeatherIcons.swift in Sources */ = {isa = PBXBuildFile; fileRef = F728759624AE9C4400543960 /* String+WeatherIcons.swift */; };
		F72875B024AE9C4400543960 /* String+WeatherIcons.swift in Sources */ = {isa = PBXBuildFile; fileRef = F728759624AE9C4400543960 /* String+WeatherIcons.swift */; };
		F72875B124AE9C4400543960 /* Date+Lunar.swift in Sources */ = {isa = PBXBuildFile; fileRef = F728759724AE9C4400543960 /* Date+Lunar.swift */; };
		F72875B224AE9C4400543960 /* Date+Lunar.swift in Sources */ = {isa = PBXBuildFile; fileRef = F728759724AE9C4400543960 /* Date+Lunar.swift */; };
		F72875B324AE9C4400543960 /* Moon.swift in Sources */ = {isa = PBXBuildFile; fileRef = F728759924AE9C4400543960 /* Moon.swift */; };
		F72875B424AE9C4400543960 /* Moon.swift in Sources */ = {isa = PBXBuildFile; fileRef = F728759924AE9C4400543960 /* Moon.swift */; };
		F72875B524AE9C4400543960 /* Phase.swift in Sources */ = {isa = PBXBuildFile; fileRef = F728759A24AE9C4400543960 /* Phase.swift */; };
		F72875B624AE9C4400543960 /* Phase.swift in Sources */ = {isa = PBXBuildFile; fileRef = F728759A24AE9C4400543960 /* Phase.swift */; };
		F72875B724AE9C4400543960 /* Requestable.swift in Sources */ = {isa = PBXBuildFile; fileRef = F728759C24AE9C4400543960 /* Requestable.swift */; };
		F72875B824AE9C4400543960 /* Requestable.swift in Sources */ = {isa = PBXBuildFile; fileRef = F728759C24AE9C4400543960 /* Requestable.swift */; };
		F72875B924AE9C4400543960 /* LocationTracker.swift in Sources */ = {isa = PBXBuildFile; fileRef = F728759D24AE9C4400543960 /* LocationTracker.swift */; };
		F72875BA24AE9C4400543960 /* LocationTracker.swift in Sources */ = {isa = PBXBuildFile; fileRef = F728759D24AE9C4400543960 /* LocationTracker.swift */; };
		F72875BB24AE9C4400543960 /* AerisAPI.swift in Sources */ = {isa = PBXBuildFile; fileRef = F728759E24AE9C4400543960 /* AerisAPI.swift */; };
		F72875BC24AE9C4400543960 /* AerisAPI.swift in Sources */ = {isa = PBXBuildFile; fileRef = F728759E24AE9C4400543960 /* AerisAPI.swift */; };
		F72875C424AE9CD000543960 /* LunarInfoView.swift in Sources */ = {isa = PBXBuildFile; fileRef = F72875BE24AE9CD000543960 /* LunarInfoView.swift */; };
		F72875C524AE9CD000543960 /* LunarInfoView.swift in Sources */ = {isa = PBXBuildFile; fileRef = F72875BE24AE9CD000543960 /* LunarInfoView.swift */; };
		F72875C624AE9CD000543960 /* PhasesView.swift in Sources */ = {isa = PBXBuildFile; fileRef = F72875BF24AE9CD000543960 /* PhasesView.swift */; };
		F72875C724AE9CD000543960 /* PhasesView.swift in Sources */ = {isa = PBXBuildFile; fileRef = F72875BF24AE9CD000543960 /* PhasesView.swift */; };
		F72875C824AE9CD000543960 /* LunarPhaseView.swift in Sources */ = {isa = PBXBuildFile; fileRef = F72875C024AE9CD000543960 /* LunarPhaseView.swift */; };
		F72875C924AE9CD000543960 /* LunarPhaseView.swift in Sources */ = {isa = PBXBuildFile; fileRef = F72875C024AE9CD000543960 /* LunarPhaseView.swift */; };
		F72875CA24AE9CD000543960 /* LunarViewModel.swift in Sources */ = {isa = PBXBuildFile; fileRef = F72875C224AE9CD000543960 /* LunarViewModel.swift */; };
		F72875CB24AE9CD000543960 /* LunarViewModel.swift in Sources */ = {isa = PBXBuildFile; fileRef = F72875C224AE9CD000543960 /* LunarViewModel.swift */; };
		F72875CC24AE9CD000543960 /* PhaseViewModel.swift in Sources */ = {isa = PBXBuildFile; fileRef = F72875C324AE9CD000543960 /* PhaseViewModel.swift */; };
		F72875CD24AE9CD000543960 /* PhaseViewModel.swift in Sources */ = {isa = PBXBuildFile; fileRef = F72875C324AE9CD000543960 /* PhaseViewModel.swift */; };
		F72875CF24B3EDD200543960 /* LunarRiseSetTimeView.swift in Sources */ = {isa = PBXBuildFile; fileRef = F72875CE24B3EDD200543960 /* LunarRiseSetTimeView.swift */; };
		F72875D024B3EDD200543960 /* LunarRiseSetTimeView.swift in Sources */ = {isa = PBXBuildFile; fileRef = F72875CE24B3EDD200543960 /* LunarRiseSetTimeView.swift */; };
		F72875D524B3F5D900543960 /* sunmoon.json in Resources */ = {isa = PBXBuildFile; fileRef = F72875D324B3F5D900543960 /* sunmoon.json */; };
		F72875D624B3F5D900543960 /* sunmoon.json in Resources */ = {isa = PBXBuildFile; fileRef = F72875D324B3F5D900543960 /* sunmoon.json */; };
		F72875D724B3F5D900543960 /* moonphases.json in Resources */ = {isa = PBXBuildFile; fileRef = F72875D424B3F5D900543960 /* moonphases.json */; };
		F72875D824B3F5D900543960 /* moonphases.json in Resources */ = {isa = PBXBuildFile; fileRef = F72875D424B3F5D900543960 /* moonphases.json */; };
		F72875DA24B3F5E500543960 /* Loader.swift in Sources */ = {isa = PBXBuildFile; fileRef = F72875D924B3F5E500543960 /* Loader.swift */; };
		F72875DB24B3F5E500543960 /* Loader.swift in Sources */ = {isa = PBXBuildFile; fileRef = F72875D924B3F5E500543960 /* Loader.swift */; };
		F76AE73724AC1302009F38A1 /* ContentProvider.swift in Sources */ = {isa = PBXBuildFile; fileRef = F76AE73624AC1302009F38A1 /* ContentProvider.swift */; };
		F76AE73824AC1302009F38A1 /* ContentProvider.swift in Sources */ = {isa = PBXBuildFile; fileRef = F76AE73624AC1302009F38A1 /* ContentProvider.swift */; };
		F76AE73A24AC1DE5009F38A1 /* MockLocationTracker.swift in Sources */ = {isa = PBXBuildFile; fileRef = F76AE73924AC1DE5009F38A1 /* MockLocationTracker.swift */; };
		F76AE73B24AC1DE5009F38A1 /* MockLocationTracker.swift in Sources */ = {isa = PBXBuildFile; fileRef = F76AE73924AC1DE5009F38A1 /* MockLocationTracker.swift */; };
		F76AE74024AC1F40009F38A1 /* URLSessionConfiguration+Protocols.swift in Sources */ = {isa = PBXBuildFile; fileRef = F76AE73F24AC1F40009F38A1 /* URLSessionConfiguration+Protocols.swift */; };
		F76AE74124AC1F40009F38A1 /* URLSessionConfiguration+Protocols.swift in Sources */ = {isa = PBXBuildFile; fileRef = F76AE73F24AC1F40009F38A1 /* URLSessionConfiguration+Protocols.swift */; };
		F7DD5E2024A2E2C9006F469E /* Tests_iOS.swift in Sources */ = {isa = PBXBuildFile; fileRef = F7DD5E1F24A2E2C9006F469E /* Tests_iOS.swift */; };
		F7DD5E2B24A2E2C9006F469E /* Tests_macOS.swift in Sources */ = {isa = PBXBuildFile; fileRef = F7DD5E2A24A2E2C9006F469E /* Tests_macOS.swift */; };
		F7DD5E2D24A2E2C9006F469E /* LunaApp.swift in Sources */ = {isa = PBXBuildFile; fileRef = F7DD5E0424A2E2C8006F469E /* LunaApp.swift */; };
		F7DD5E2E24A2E2C9006F469E /* LunaApp.swift in Sources */ = {isa = PBXBuildFile; fileRef = F7DD5E0424A2E2C8006F469E /* LunaApp.swift */; };
		F7DD5E2F24A2E2C9006F469E /* ContentView.swift in Sources */ = {isa = PBXBuildFile; fileRef = F7DD5E0524A2E2C8006F469E /* ContentView.swift */; };
		F7DD5E3024A2E2C9006F469E /* ContentView.swift in Sources */ = {isa = PBXBuildFile; fileRef = F7DD5E0524A2E2C8006F469E /* ContentView.swift */; };
		F7DD5E3124A2E2C9006F469E /* Assets.xcassets in Resources */ = {isa = PBXBuildFile; fileRef = F7DD5E0624A2E2C9006F469E /* Assets.xcassets */; };
		F7DD5E3224A2E2C9006F469E /* Assets.xcassets in Resources */ = {isa = PBXBuildFile; fileRef = F7DD5E0624A2E2C9006F469E /* Assets.xcassets */; };
/* End PBXBuildFile section */

/* Begin PBXContainerItemProxy section */
		F7DD5E1C24A2E2C9006F469E /* PBXContainerItemProxy */ = {
			isa = PBXContainerItemProxy;
			containerPortal = F7DD5DFF24A2E2C8006F469E /* Project object */;
			proxyType = 1;
			remoteGlobalIDString = F7DD5E0A24A2E2C9006F469E;
			remoteInfo = iOS;
		};
		F7DD5E2724A2E2C9006F469E /* PBXContainerItemProxy */ = {
			isa = PBXContainerItemProxy;
			containerPortal = F7DD5DFF24A2E2C8006F469E /* Project object */;
			proxyType = 1;
			remoteGlobalIDString = F7DD5E1224A2E2C9006F469E;
			remoteInfo = macOS;
		};
/* End PBXContainerItemProxy section */

/* Begin PBXFileReference section */
		F728758E24AE9C4400543960 /* Publisher+Combine.swift */ = {isa = PBXFileReference; fileEncoding = 4; lastKnownFileType = sourcecode.swift; path = "Publisher+Combine.swift"; sourceTree = "<group>"; };
		F728758F24AE9C4400543960 /* URLSession+Combine.swift */ = {isa = PBXFileReference; fileEncoding = 4; lastKnownFileType = sourcecode.swift; path = "URLSession+Combine.swift"; sourceTree = "<group>"; };
		F728759024AE9C4400543960 /* CLGeocoder+Combine.swift */ = {isa = PBXFileReference; fileEncoding = 4; lastKnownFileType = sourcecode.swift; path = "CLGeocoder+Combine.swift"; sourceTree = "<group>"; };
		F728759124AE9C4400543960 /* CLLocationManager+Combine.swift */ = {isa = PBXFileReference; fileEncoding = 4; lastKnownFileType = sourcecode.swift; path = "CLLocationManager+Combine.swift"; sourceTree = "<group>"; };
		F728759224AE9C4400543960 /* Dictionary+Query.swift */ = {isa = PBXFileReference; fileEncoding = 4; lastKnownFileType = sourcecode.swift; path = "Dictionary+Query.swift"; sourceTree = "<group>"; };
		F728759324AE9C4400543960 /* CGSize+Geometry.swift */ = {isa = PBXFileReference; fileEncoding = 4; lastKnownFileType = sourcecode.swift; path = "CGSize+Geometry.swift"; sourceTree = "<group>"; };
		F728759424AE9C4400543960 /* Double+WeatherIcons.swift */ = {isa = PBXFileReference; fileEncoding = 4; lastKnownFileType = sourcecode.swift; path = "Double+WeatherIcons.swift"; sourceTree = "<group>"; };
		F728759524AE9C4400543960 /* Formatters.swift */ = {isa = PBXFileReference; fileEncoding = 4; lastKnownFileType = sourcecode.swift; path = Formatters.swift; sourceTree = "<group>"; };
		F728759624AE9C4400543960 /* String+WeatherIcons.swift */ = {isa = PBXFileReference; fileEncoding = 4; lastKnownFileType = sourcecode.swift; path = "String+WeatherIcons.swift"; sourceTree = "<group>"; };
		F728759724AE9C4400543960 /* Date+Lunar.swift */ = {isa = PBXFileReference; fileEncoding = 4; lastKnownFileType = sourcecode.swift; path = "Date+Lunar.swift"; sourceTree = "<group>"; };
		F728759924AE9C4400543960 /* Moon.swift */ = {isa = PBXFileReference; fileEncoding = 4; lastKnownFileType = sourcecode.swift; path = Moon.swift; sourceTree = "<group>"; };
		F728759A24AE9C4400543960 /* Phase.swift */ = {isa = PBXFileReference; fileEncoding = 4; lastKnownFileType = sourcecode.swift; path = Phase.swift; sourceTree = "<group>"; };
		F728759C24AE9C4400543960 /* Requestable.swift */ = {isa = PBXFileReference; fileEncoding = 4; lastKnownFileType = sourcecode.swift; path = Requestable.swift; sourceTree = "<group>"; };
		F728759D24AE9C4400543960 /* LocationTracker.swift */ = {isa = PBXFileReference; fileEncoding = 4; lastKnownFileType = sourcecode.swift; path = LocationTracker.swift; sourceTree = "<group>"; };
		F728759E24AE9C4400543960 /* AerisAPI.swift */ = {isa = PBXFileReference; fileEncoding = 4; lastKnownFileType = sourcecode.swift; path = AerisAPI.swift; sourceTree = "<group>"; };
		F72875BE24AE9CD000543960 /* LunarInfoView.swift */ = {isa = PBXFileReference; fileEncoding = 4; lastKnownFileType = sourcecode.swift; path = LunarInfoView.swift; sourceTree = "<group>"; };
		F72875BF24AE9CD000543960 /* PhasesView.swift */ = {isa = PBXFileReference; fileEncoding = 4; lastKnownFileType = sourcecode.swift; path = PhasesView.swift; sourceTree = "<group>"; };
		F72875C024AE9CD000543960 /* LunarPhaseView.swift */ = {isa = PBXFileReference; fileEncoding = 4; lastKnownFileType = sourcecode.swift; path = LunarPhaseView.swift; sourceTree = "<group>"; };
		F72875C224AE9CD000543960 /* LunarViewModel.swift */ = {isa = PBXFileReference; fileEncoding = 4; lastKnownFileType = sourcecode.swift; path = LunarViewModel.swift; sourceTree = "<group>"; };
		F72875C324AE9CD000543960 /* PhaseViewModel.swift */ = {isa = PBXFileReference; fileEncoding = 4; lastKnownFileType = sourcecode.swift; path = PhaseViewModel.swift; sourceTree = "<group>"; };
		F72875CE24B3EDD200543960 /* LunarRiseSetTimeView.swift */ = {isa = PBXFileReference; lastKnownFileType = sourcecode.swift; path = LunarRiseSetTimeView.swift; sourceTree = "<group>"; };
		F72875D324B3F5D900543960 /* sunmoon.json */ = {isa = PBXFileReference; fileEncoding = 4; lastKnownFileType = text.json; path = sunmoon.json; sourceTree = "<group>"; };
		F72875D424B3F5D900543960 /* moonphases.json */ = {isa = PBXFileReference; fileEncoding = 4; lastKnownFileType = text.json; path = moonphases.json; sourceTree = "<group>"; };
		F72875D924B3F5E500543960 /* Loader.swift */ = {isa = PBXFileReference; lastKnownFileType = sourcecode.swift; path = Loader.swift; sourceTree = "<group>"; };
		F76AE73624AC1302009F38A1 /* ContentProvider.swift */ = {isa = PBXFileReference; lastKnownFileType = sourcecode.swift; path = ContentProvider.swift; sourceTree = "<group>"; };
		F76AE73924AC1DE5009F38A1 /* MockLocationTracker.swift */ = {isa = PBXFileReference; lastKnownFileType = sourcecode.swift; path = MockLocationTracker.swift; sourceTree = "<group>"; };
		F76AE73F24AC1F40009F38A1 /* URLSessionConfiguration+Protocols.swift */ = {isa = PBXFileReference; lastKnownFileType = sourcecode.swift; path = "URLSessionConfiguration+Protocols.swift"; sourceTree = "<group>"; };
		F7DD5E0424A2E2C8006F469E /* LunaApp.swift */ = {isa = PBXFileReference; lastKnownFileType = sourcecode.swift; path = LunaApp.swift; sourceTree = "<group>"; };
		F7DD5E0524A2E2C8006F469E /* ContentView.swift */ = {isa = PBXFileReference; lastKnownFileType = sourcecode.swift; path = ContentView.swift; sourceTree = "<group>"; };
		F7DD5E0624A2E2C9006F469E /* Assets.xcassets */ = {isa = PBXFileReference; lastKnownFileType = folder.assetcatalog; path = Assets.xcassets; sourceTree = "<group>"; };
		F7DD5E0B24A2E2C9006F469E /* Luna.app */ = {isa = PBXFileReference; explicitFileType = wrapper.application; includeInIndex = 0; path = Luna.app; sourceTree = BUILT_PRODUCTS_DIR; };
		F7DD5E0E24A2E2C9006F469E /* Info.plist */ = {isa = PBXFileReference; lastKnownFileType = text.plist.xml; path = Info.plist; sourceTree = "<group>"; };
		F7DD5E1324A2E2C9006F469E /* Luna.app */ = {isa = PBXFileReference; explicitFileType = wrapper.application; includeInIndex = 0; path = Luna.app; sourceTree = BUILT_PRODUCTS_DIR; };
		F7DD5E1524A2E2C9006F469E /* Info.plist */ = {isa = PBXFileReference; lastKnownFileType = text.plist.xml; path = Info.plist; sourceTree = "<group>"; };
		F7DD5E1624A2E2C9006F469E /* macOS.entitlements */ = {isa = PBXFileReference; lastKnownFileType = text.plist.entitlements; path = macOS.entitlements; sourceTree = "<group>"; };
		F7DD5E1B24A2E2C9006F469E /* Tests iOS.xctest */ = {isa = PBXFileReference; explicitFileType = wrapper.cfbundle; includeInIndex = 0; path = "Tests iOS.xctest"; sourceTree = BUILT_PRODUCTS_DIR; };
		F7DD5E1F24A2E2C9006F469E /* Tests_iOS.swift */ = {isa = PBXFileReference; lastKnownFileType = sourcecode.swift; path = Tests_iOS.swift; sourceTree = "<group>"; };
		F7DD5E2124A2E2C9006F469E /* Info.plist */ = {isa = PBXFileReference; lastKnownFileType = text.plist.xml; path = Info.plist; sourceTree = "<group>"; };
		F7DD5E2624A2E2C9006F469E /* Tests macOS.xctest */ = {isa = PBXFileReference; explicitFileType = wrapper.cfbundle; includeInIndex = 0; path = "Tests macOS.xctest"; sourceTree = BUILT_PRODUCTS_DIR; };
		F7DD5E2A24A2E2C9006F469E /* Tests_macOS.swift */ = {isa = PBXFileReference; lastKnownFileType = sourcecode.swift; path = Tests_macOS.swift; sourceTree = "<group>"; };
		F7DD5E2C24A2E2C9006F469E /* Info.plist */ = {isa = PBXFileReference; lastKnownFileType = text.plist.xml; path = Info.plist; sourceTree = "<group>"; };
/* End PBXFileReference section */

/* Begin PBXFrameworksBuildPhase section */
		F7DD5E0824A2E2C9006F469E /* Frameworks */ = {
			isa = PBXFrameworksBuildPhase;
			buildActionMask = 2147483647;
			files = (
			);
			runOnlyForDeploymentPostprocessing = 0;
		};
		F7DD5E1024A2E2C9006F469E /* Frameworks */ = {
			isa = PBXFrameworksBuildPhase;
			buildActionMask = 2147483647;
			files = (
			);
			runOnlyForDeploymentPostprocessing = 0;
		};
		F7DD5E1824A2E2C9006F469E /* Frameworks */ = {
			isa = PBXFrameworksBuildPhase;
			buildActionMask = 2147483647;
			files = (
			);
			runOnlyForDeploymentPostprocessing = 0;
		};
		F7DD5E2324A2E2C9006F469E /* Frameworks */ = {
			isa = PBXFrameworksBuildPhase;
			buildActionMask = 2147483647;
			files = (
			);
			runOnlyForDeploymentPostprocessing = 0;
		};
/* End PBXFrameworksBuildPhase section */

/* Begin PBXGroup section */
		F728758D24AE9C4400543960 /* Types & Extensions */ = {
			isa = PBXGroup;
			children = (
				F728758E24AE9C4400543960 /* Publisher+Combine.swift */,
				F728759224AE9C4400543960 /* Dictionary+Query.swift */,
				F728759324AE9C4400543960 /* CGSize+Geometry.swift */,
				F728759424AE9C4400543960 /* Double+WeatherIcons.swift */,
				F728759524AE9C4400543960 /* Formatters.swift */,
				F728759624AE9C4400543960 /* String+WeatherIcons.swift */,
				F728759724AE9C4400543960 /* Date+Lunar.swift */,
				F76AE73F24AC1F40009F38A1 /* URLSessionConfiguration+Protocols.swift */,
			);
			path = "Types & Extensions";
			sourceTree = "<group>";
		};
		F728759824AE9C4400543960 /* Model */ = {
			isa = PBXGroup;
			children = (
				F728759924AE9C4400543960 /* Moon.swift */,
				F728759A24AE9C4400543960 /* Phase.swift */,
			);
			path = Model;
			sourceTree = "<group>";
		};
		F728759B24AE9C4400543960 /* Network */ = {
			isa = PBXGroup;
			children = (
				F728758F24AE9C4400543960 /* URLSession+Combine.swift */,
				F728759C24AE9C4400543960 /* Requestable.swift */,
				F728759E24AE9C4400543960 /* AerisAPI.swift */,
			);
			path = Network;
			sourceTree = "<group>";
		};
		F72875BD24AE9CD000543960 /* View */ = {
			isa = PBXGroup;
			children = (
				F72875BE24AE9CD000543960 /* LunarInfoView.swift */,
				F72875BF24AE9CD000543960 /* PhasesView.swift */,
				F72875C024AE9CD000543960 /* LunarPhaseView.swift */,
				F72875CE24B3EDD200543960 /* LunarRiseSetTimeView.swift */,
			);
			path = View;
			sourceTree = "<group>";
		};
		F72875C124AE9CD000543960 /* ViewModel */ = {
			isa = PBXGroup;
			children = (
				F72875C224AE9CD000543960 /* LunarViewModel.swift */,
				F72875C324AE9CD000543960 /* PhaseViewModel.swift */,
			);
			path = ViewModel;
			sourceTree = "<group>";
		};
		F72875D224B3F5D900543960 /* Resources */ = {
			isa = PBXGroup;
			children = (
				F72875D324B3F5D900543960 /* sunmoon.json */,
				F72875D424B3F5D900543960 /* moonphases.json */,
				F72875D924B3F5E500543960 /* Loader.swift */,
			);
			path = Resources;
			sourceTree = "<group>";
		};
		F754BAA024B9C3A6000C850F /* Location */ = {
			isa = PBXGroup;
			children = (
				F728759D24AE9C4400543960 /* LocationTracker.swift */,
				F728759124AE9C4400543960 /* CLLocationManager+Combine.swift */,
				F728759024AE9C4400543960 /* CLGeocoder+Combine.swift */,
				F76AE73924AC1DE5009F38A1 /* MockLocationTracker.swift */,
			);
			path = Location;
			sourceTree = "<group>";
		};
		F7DD5DFE24A2E2C8006F469E = {
			isa = PBXGroup;
			children = (
				F7DD5E0324A2E2C8006F469E /* Shared */,
				F7DD5E0D24A2E2C9006F469E /* iOS */,
				F7DD5E1424A2E2C9006F469E /* macOS */,
				F7DD5E1E24A2E2C9006F469E /* Tests iOS */,
				F7DD5E2924A2E2C9006F469E /* Tests macOS */,
				F7DD5E0C24A2E2C9006F469E /* Products */,
			);
			sourceTree = "<group>";
		};
		F7DD5E0324A2E2C8006F469E /* Shared */ = {
			isa = PBXGroup;
			children = (
				F7DD5E0424A2E2C8006F469E /* LunaApp.swift */,
				F7DD5E0524A2E2C8006F469E /* ContentView.swift */,
				F76AE73624AC1302009F38A1 /* ContentProvider.swift */,
				F72875BD24AE9CD000543960 /* View */,
				F72875C124AE9CD000543960 /* ViewModel */,
				F728759824AE9C4400543960 /* Model */,
				F728759B24AE9C4400543960 /* Network */,
				F754BAA024B9C3A6000C850F /* Location */,
				F728758D24AE9C4400543960 /* Types & Extensions */,
				F72875D224B3F5D900543960 /* Resources */,
				F7DD5E0624A2E2C9006F469E /* Assets.xcassets */,
			);
			path = Shared;
			sourceTree = "<group>";
		};
		F7DD5E0C24A2E2C9006F469E /* Products */ = {
			isa = PBXGroup;
			children = (
				F7DD5E0B24A2E2C9006F469E /* Luna.app */,
				F7DD5E1324A2E2C9006F469E /* Luna.app */,
				F7DD5E1B24A2E2C9006F469E /* Tests iOS.xctest */,
				F7DD5E2624A2E2C9006F469E /* Tests macOS.xctest */,
			);
			name = Products;
			sourceTree = "<group>";
		};
		F7DD5E0D24A2E2C9006F469E /* iOS */ = {
			isa = PBXGroup;
			children = (
				F7DD5E0E24A2E2C9006F469E /* Info.plist */,
			);
			path = iOS;
			sourceTree = "<group>";
		};
		F7DD5E1424A2E2C9006F469E /* macOS */ = {
			isa = PBXGroup;
			children = (
				F7DD5E1524A2E2C9006F469E /* Info.plist */,
				F7DD5E1624A2E2C9006F469E /* macOS.entitlements */,
			);
			path = macOS;
			sourceTree = "<group>";
		};
		F7DD5E1E24A2E2C9006F469E /* Tests iOS */ = {
			isa = PBXGroup;
			children = (
				F7DD5E1F24A2E2C9006F469E /* Tests_iOS.swift */,
				F7DD5E2124A2E2C9006F469E /* Info.plist */,
			);
			path = "Tests iOS";
			sourceTree = "<group>";
		};
		F7DD5E2924A2E2C9006F469E /* Tests macOS */ = {
			isa = PBXGroup;
			children = (
				F7DD5E2A24A2E2C9006F469E /* Tests_macOS.swift */,
				F7DD5E2C24A2E2C9006F469E /* Info.plist */,
			);
			path = "Tests macOS";
			sourceTree = "<group>";
		};
/* End PBXGroup section */

/* Begin PBXNativeTarget section */
		F7DD5E0A24A2E2C9006F469E /* iOS */ = {
			isa = PBXNativeTarget;
			buildConfigurationList = F7DD5E3524A2E2C9006F469E /* Build configuration list for PBXNativeTarget "iOS" */;
			buildPhases = (
				F7DD5E0724A2E2C9006F469E /* Sources */,
				F7DD5E0824A2E2C9006F469E /* Frameworks */,
				F7DD5E0924A2E2C9006F469E /* Resources */,
			);
			buildRules = (
			);
			dependencies = (
			);
			name = iOS;
			productName = iOS;
			productReference = F7DD5E0B24A2E2C9006F469E /* Luna.app */;
			productType = "com.apple.product-type.application";
		};
		F7DD5E1224A2E2C9006F469E /* macOS */ = {
			isa = PBXNativeTarget;
			buildConfigurationList = F7DD5E3824A2E2C9006F469E /* Build configuration list for PBXNativeTarget "macOS" */;
			buildPhases = (
				F7DD5E0F24A2E2C9006F469E /* Sources */,
				F7DD5E1024A2E2C9006F469E /* Frameworks */,
				F7DD5E1124A2E2C9006F469E /* Resources */,
			);
			buildRules = (
			);
			dependencies = (
			);
			name = macOS;
			productName = macOS;
			productReference = F7DD5E1324A2E2C9006F469E /* Luna.app */;
			productType = "com.apple.product-type.application";
		};
		F7DD5E1A24A2E2C9006F469E /* Tests iOS */ = {
			isa = PBXNativeTarget;
			buildConfigurationList = F7DD5E3B24A2E2C9006F469E /* Build configuration list for PBXNativeTarget "Tests iOS" */;
			buildPhases = (
				F7DD5E1724A2E2C9006F469E /* Sources */,
				F7DD5E1824A2E2C9006F469E /* Frameworks */,
				F7DD5E1924A2E2C9006F469E /* Resources */,
			);
			buildRules = (
			);
			dependencies = (
				F7DD5E1D24A2E2C9006F469E /* PBXTargetDependency */,
			);
			name = "Tests iOS";
			productName = "Tests iOS";
			productReference = F7DD5E1B24A2E2C9006F469E /* Tests iOS.xctest */;
			productType = "com.apple.product-type.bundle.ui-testing";
		};
		F7DD5E2524A2E2C9006F469E /* Tests macOS */ = {
			isa = PBXNativeTarget;
			buildConfigurationList = F7DD5E3E24A2E2C9006F469E /* Build configuration list for PBXNativeTarget "Tests macOS" */;
			buildPhases = (
				F7DD5E2224A2E2C9006F469E /* Sources */,
				F7DD5E2324A2E2C9006F469E /* Frameworks */,
				F7DD5E2424A2E2C9006F469E /* Resources */,
			);
			buildRules = (
			);
			dependencies = (
				F7DD5E2824A2E2C9006F469E /* PBXTargetDependency */,
			);
			name = "Tests macOS";
			productName = "Tests macOS";
			productReference = F7DD5E2624A2E2C9006F469E /* Tests macOS.xctest */;
			productType = "com.apple.product-type.bundle.ui-testing";
		};
/* End PBXNativeTarget section */

/* Begin PBXProject section */
		F7DD5DFF24A2E2C8006F469E /* Project object */ = {
			isa = PBXProject;
			attributes = {
				LastSwiftUpdateCheck = 1200;
				LastUpgradeCheck = 1200;
				TargetAttributes = {
					F7DD5E0A24A2E2C9006F469E = {
						CreatedOnToolsVersion = 12.0;
					};
					F7DD5E1224A2E2C9006F469E = {
						CreatedOnToolsVersion = 12.0;
					};
					F7DD5E1A24A2E2C9006F469E = {
						CreatedOnToolsVersion = 12.0;
						TestTargetID = F7DD5E0A24A2E2C9006F469E;
					};
					F7DD5E2524A2E2C9006F469E = {
						CreatedOnToolsVersion = 12.0;
						TestTargetID = F7DD5E1224A2E2C9006F469E;
					};
				};
			};
			buildConfigurationList = F7DD5E0224A2E2C8006F469E /* Build configuration list for PBXProject "Luna" */;
			compatibilityVersion = "Xcode 9.3";
			developmentRegion = en;
			hasScannedForEncodings = 0;
			knownRegions = (
				en,
				Base,
			);
			mainGroup = F7DD5DFE24A2E2C8006F469E;
			productRefGroup = F7DD5E0C24A2E2C9006F469E /* Products */;
			projectDirPath = "";
			projectRoot = "";
			targets = (
				F7DD5E0A24A2E2C9006F469E /* iOS */,
				F7DD5E1224A2E2C9006F469E /* macOS */,
				F7DD5E1A24A2E2C9006F469E /* Tests iOS */,
				F7DD5E2524A2E2C9006F469E /* Tests macOS */,
			);
		};
/* End PBXProject section */

/* Begin PBXResourcesBuildPhase section */
		F7DD5E0924A2E2C9006F469E /* Resources */ = {
			isa = PBXResourcesBuildPhase;
			buildActionMask = 2147483647;
			files = (
				F7DD5E3124A2E2C9006F469E /* Assets.xcassets in Resources */,
				F72875D524B3F5D900543960 /* sunmoon.json in Resources */,
				F72875D724B3F5D900543960 /* moonphases.json in Resources */,
			);
			runOnlyForDeploymentPostprocessing = 0;
		};
		F7DD5E1124A2E2C9006F469E /* Resources */ = {
			isa = PBXResourcesBuildPhase;
			buildActionMask = 2147483647;
			files = (
				F7DD5E3224A2E2C9006F469E /* Assets.xcassets in Resources */,
				F72875D624B3F5D900543960 /* sunmoon.json in Resources */,
				F72875D824B3F5D900543960 /* moonphases.json in Resources */,
			);
			runOnlyForDeploymentPostprocessing = 0;
		};
		F7DD5E1924A2E2C9006F469E /* Resources */ = {
			isa = PBXResourcesBuildPhase;
			buildActionMask = 2147483647;
			files = (
			);
			runOnlyForDeploymentPostprocessing = 0;
		};
		F7DD5E2424A2E2C9006F469E /* Resources */ = {
			isa = PBXResourcesBuildPhase;
			buildActionMask = 2147483647;
			files = (
			);
			runOnlyForDeploymentPostprocessing = 0;
		};
/* End PBXResourcesBuildPhase section */

/* Begin PBXSourcesBuildPhase section */
		F7DD5E0724A2E2C9006F469E /* Sources */ = {
			isa = PBXSourcesBuildPhase;
			buildActionMask = 2147483647;
			files = (
				F72875AF24AE9C4400543960 /* String+WeatherIcons.swift in Sources */,
				F72875A124AE9C4400543960 /* URLSession+Combine.swift in Sources */,
				F72875AD24AE9C4400543960 /* Formatters.swift in Sources */,
				F72875B724AE9C4400543960 /* Requestable.swift in Sources */,
				F72875C624AE9CD000543960 /* PhasesView.swift in Sources */,
				F72875CA24AE9CD000543960 /* LunarViewModel.swift in Sources */,
				F72875A924AE9C4400543960 /* CGSize+Geometry.swift in Sources */,
				F72875C424AE9CD000543960 /* LunarInfoView.swift in Sources */,
				F76AE73724AC1302009F38A1 /* ContentProvider.swift in Sources */,
				F72875A324AE9C4400543960 /* CLGeocoder+Combine.swift in Sources */,
				F72875B524AE9C4400543960 /* Phase.swift in Sources */,
				F72875B924AE9C4400543960 /* LocationTracker.swift in Sources */,
				F72875CF24B3EDD200543960 /* LunarRiseSetTimeView.swift in Sources */,
				F72875C824AE9CD000543960 /* LunarPhaseView.swift in Sources */,
				F76AE73A24AC1DE5009F38A1 /* MockLocationTracker.swift in Sources */,
				F72875CC24AE9CD000543960 /* PhaseViewModel.swift in Sources */,
				F72875DA24B3F5E500543960 /* Loader.swift in Sources */,
				F728759F24AE9C4400543960 /* Publisher+Combine.swift in Sources */,
				F7DD5E2F24A2E2C9006F469E /* ContentView.swift in Sources */,
				F7DD5E2D24A2E2C9006F469E /* LunaApp.swift in Sources */,
				F72875A524AE9C4400543960 /* CLLocationManager+Combine.swift in Sources */,
				F72875A724AE9C4400543960 /* Dictionary+Query.swift in Sources */,
				F72875BB24AE9C4400543960 /* AerisAPI.swift in Sources */,
				F72875B124AE9C4400543960 /* Date+Lunar.swift in Sources */,
				F72875AB24AE9C4400543960 /* Double+WeatherIcons.swift in Sources */,
				F72875B324AE9C4400543960 /* Moon.swift in Sources */,
				F76AE74024AC1F40009F38A1 /* URLSessionConfiguration+Protocols.swift in Sources */,
			);
			runOnlyForDeploymentPostprocessing = 0;
		};
		F7DD5E0F24A2E2C9006F469E /* Sources */ = {
			isa = PBXSourcesBuildPhase;
			buildActionMask = 2147483647;
			files = (
				F72875B024AE9C4400543960 /* String+WeatherIcons.swift in Sources */,
				F72875A224AE9C4400543960 /* URLSession+Combine.swift in Sources */,
				F72875AE24AE9C4400543960 /* Formatters.swift in Sources */,
				F72875B824AE9C4400543960 /* Requestable.swift in Sources */,
				F72875C724AE9CD000543960 /* PhasesView.swift in Sources */,
				F72875CB24AE9CD000543960 /* LunarViewModel.swift in Sources */,
				F72875AA24AE9C4400543960 /* CGSize+Geometry.swift in Sources */,
				F72875C524AE9CD000543960 /* LunarInfoView.swift in Sources */,
				F76AE73824AC1302009F38A1 /* ContentProvider.swift in Sources */,
				F72875A424AE9C4400543960 /* CLGeocoder+Combine.swift in Sources */,
				F72875B624AE9C4400543960 /* Phase.swift in Sources */,
				F72875BA24AE9C4400543960 /* LocationTracker.swift in Sources */,
				F72875D024B3EDD200543960 /* LunarRiseSetTimeView.swift in Sources */,
				F72875C924AE9CD000543960 /* LunarPhaseView.swift in Sources */,
				F76AE73B24AC1DE5009F38A1 /* MockLocationTracker.swift in Sources */,
				F72875CD24AE9CD000543960 /* PhaseViewModel.swift in Sources */,
				F72875DB24B3F5E500543960 /* Loader.swift in Sources */,
				F72875A024AE9C4400543960 /* Publisher+Combine.swift in Sources */,
				F7DD5E3024A2E2C9006F469E /* ContentView.swift in Sources */,
				F7DD5E2E24A2E2C9006F469E /* LunaApp.swift in Sources */,
				F72875A624AE9C4400543960 /* CLLocationManager+Combine.swift in Sources */,
				F72875A824AE9C4400543960 /* Dictionary+Query.swift in Sources */,
				F72875BC24AE9C4400543960 /* AerisAPI.swift in Sources */,
				F72875B224AE9C4400543960 /* Date+Lunar.swift in Sources */,
				F72875AC24AE9C4400543960 /* Double+WeatherIcons.swift in Sources */,
				F72875B424AE9C4400543960 /* Moon.swift in Sources */,
				F76AE74124AC1F40009F38A1 /* URLSessionConfiguration+Protocols.swift in Sources */,
			);
			runOnlyForDeploymentPostprocessing = 0;
		};
		F7DD5E1724A2E2C9006F469E /* Sources */ = {
			isa = PBXSourcesBuildPhase;
			buildActionMask = 2147483647;
			files = (
				F7DD5E2024A2E2C9006F469E /* Tests_iOS.swift in Sources */,
			);
			runOnlyForDeploymentPostprocessing = 0;
		};
		F7DD5E2224A2E2C9006F469E /* Sources */ = {
			isa = PBXSourcesBuildPhase;
			buildActionMask = 2147483647;
			files = (
				F7DD5E2B24A2E2C9006F469E /* Tests_macOS.swift in Sources */,
			);
			runOnlyForDeploymentPostprocessing = 0;
		};
/* End PBXSourcesBuildPhase section */

/* Begin PBXTargetDependency section */
		F7DD5E1D24A2E2C9006F469E /* PBXTargetDependency */ = {
			isa = PBXTargetDependency;
			target = F7DD5E0A24A2E2C9006F469E /* iOS */;
			targetProxy = F7DD5E1C24A2E2C9006F469E /* PBXContainerItemProxy */;
		};
		F7DD5E2824A2E2C9006F469E /* PBXTargetDependency */ = {
			isa = PBXTargetDependency;
			target = F7DD5E1224A2E2C9006F469E /* macOS */;
			targetProxy = F7DD5E2724A2E2C9006F469E /* PBXContainerItemProxy */;
		};
/* End PBXTargetDependency section */

/* Begin XCBuildConfiguration section */
		F7DD5E3324A2E2C9006F469E /* Debug */ = {
			isa = XCBuildConfiguration;
			buildSettings = {
				ALWAYS_SEARCH_USER_PATHS = NO;
				CLANG_ANALYZER_NONNULL = YES;
				CLANG_ANALYZER_NUMBER_OBJECT_CONVERSION = YES_AGGRESSIVE;
				CLANG_CXX_LANGUAGE_STANDARD = "gnu++14";
				CLANG_CXX_LIBRARY = "libc++";
				CLANG_ENABLE_MODULES = YES;
				CLANG_ENABLE_OBJC_ARC = YES;
				CLANG_ENABLE_OBJC_WEAK = YES;
				CLANG_WARN_BLOCK_CAPTURE_AUTORELEASING = YES;
				CLANG_WARN_BOOL_CONVERSION = YES;
				CLANG_WARN_COMMA = YES;
				CLANG_WARN_CONSTANT_CONVERSION = YES;
				CLANG_WARN_DEPRECATED_OBJC_IMPLEMENTATIONS = YES;
				CLANG_WARN_DIRECT_OBJC_ISA_USAGE = YES_ERROR;
				CLANG_WARN_DOCUMENTATION_COMMENTS = YES;
				CLANG_WARN_EMPTY_BODY = YES;
				CLANG_WARN_ENUM_CONVERSION = YES;
				CLANG_WARN_INFINITE_RECURSION = YES;
				CLANG_WARN_INT_CONVERSION = YES;
				CLANG_WARN_NON_LITERAL_NULL_CONVERSION = YES;
				CLANG_WARN_OBJC_IMPLICIT_RETAIN_SELF = YES;
				CLANG_WARN_OBJC_LITERAL_CONVERSION = YES;
				CLANG_WARN_OBJC_ROOT_CLASS = YES_ERROR;
				CLANG_WARN_QUOTED_INCLUDE_IN_FRAMEWORK_HEADER = YES;
				CLANG_WARN_RANGE_LOOP_ANALYSIS = YES;
				CLANG_WARN_STRICT_PROTOTYPES = YES;
				CLANG_WARN_SUSPICIOUS_MOVE = YES;
				CLANG_WARN_UNGUARDED_AVAILABILITY = YES_AGGRESSIVE;
				CLANG_WARN_UNREACHABLE_CODE = YES;
				CLANG_WARN__DUPLICATE_METHOD_MATCH = YES;
				COPY_PHASE_STRIP = NO;
				DEBUG_INFORMATION_FORMAT = dwarf;
				ENABLE_STRICT_OBJC_MSGSEND = YES;
				ENABLE_TESTABILITY = YES;
				GCC_C_LANGUAGE_STANDARD = gnu11;
				GCC_DYNAMIC_NO_PIC = NO;
				GCC_NO_COMMON_BLOCKS = YES;
				GCC_OPTIMIZATION_LEVEL = 0;
				GCC_PREPROCESSOR_DEFINITIONS = (
					"DEBUG=1",
					"$(inherited)",
				);
				GCC_WARN_64_TO_32_BIT_CONVERSION = YES;
				GCC_WARN_ABOUT_RETURN_TYPE = YES_ERROR;
				GCC_WARN_UNDECLARED_SELECTOR = YES;
				GCC_WARN_UNINITIALIZED_AUTOS = YES_AGGRESSIVE;
				GCC_WARN_UNUSED_FUNCTION = YES;
				GCC_WARN_UNUSED_VARIABLE = YES;
				MTL_ENABLE_DEBUG_INFO = INCLUDE_SOURCE;
				MTL_FAST_MATH = YES;
				ONLY_ACTIVE_ARCH = YES;
				SWIFT_ACTIVE_COMPILATION_CONDITIONS = DEBUG;
				SWIFT_OPTIMIZATION_LEVEL = "-Onone";
			};
			name = Debug;
		};
		F7DD5E3424A2E2C9006F469E /* Release */ = {
			isa = XCBuildConfiguration;
			buildSettings = {
				ALWAYS_SEARCH_USER_PATHS = NO;
				CLANG_ANALYZER_NONNULL = YES;
				CLANG_ANALYZER_NUMBER_OBJECT_CONVERSION = YES_AGGRESSIVE;
				CLANG_CXX_LANGUAGE_STANDARD = "gnu++14";
				CLANG_CXX_LIBRARY = "libc++";
				CLANG_ENABLE_MODULES = YES;
				CLANG_ENABLE_OBJC_ARC = YES;
				CLANG_ENABLE_OBJC_WEAK = YES;
				CLANG_WARN_BLOCK_CAPTURE_AUTORELEASING = YES;
				CLANG_WARN_BOOL_CONVERSION = YES;
				CLANG_WARN_COMMA = YES;
				CLANG_WARN_CONSTANT_CONVERSION = YES;
				CLANG_WARN_DEPRECATED_OBJC_IMPLEMENTATIONS = YES;
				CLANG_WARN_DIRECT_OBJC_ISA_USAGE = YES_ERROR;
				CLANG_WARN_DOCUMENTATION_COMMENTS = YES;
				CLANG_WARN_EMPTY_BODY = YES;
				CLANG_WARN_ENUM_CONVERSION = YES;
				CLANG_WARN_INFINITE_RECURSION = YES;
				CLANG_WARN_INT_CONVERSION = YES;
				CLANG_WARN_NON_LITERAL_NULL_CONVERSION = YES;
				CLANG_WARN_OBJC_IMPLICIT_RETAIN_SELF = YES;
				CLANG_WARN_OBJC_LITERAL_CONVERSION = YES;
				CLANG_WARN_OBJC_ROOT_CLASS = YES_ERROR;
				CLANG_WARN_QUOTED_INCLUDE_IN_FRAMEWORK_HEADER = YES;
				CLANG_WARN_RANGE_LOOP_ANALYSIS = YES;
				CLANG_WARN_STRICT_PROTOTYPES = YES;
				CLANG_WARN_SUSPICIOUS_MOVE = YES;
				CLANG_WARN_UNGUARDED_AVAILABILITY = YES_AGGRESSIVE;
				CLANG_WARN_UNREACHABLE_CODE = YES;
				CLANG_WARN__DUPLICATE_METHOD_MATCH = YES;
				COPY_PHASE_STRIP = NO;
				DEBUG_INFORMATION_FORMAT = "dwarf-with-dsym";
				ENABLE_NS_ASSERTIONS = NO;
				ENABLE_STRICT_OBJC_MSGSEND = YES;
				GCC_C_LANGUAGE_STANDARD = gnu11;
				GCC_NO_COMMON_BLOCKS = YES;
				GCC_WARN_64_TO_32_BIT_CONVERSION = YES;
				GCC_WARN_ABOUT_RETURN_TYPE = YES_ERROR;
				GCC_WARN_UNDECLARED_SELECTOR = YES;
				GCC_WARN_UNINITIALIZED_AUTOS = YES_AGGRESSIVE;
				GCC_WARN_UNUSED_FUNCTION = YES;
				GCC_WARN_UNUSED_VARIABLE = YES;
				MTL_ENABLE_DEBUG_INFO = NO;
				MTL_FAST_MATH = YES;
				SWIFT_COMPILATION_MODE = wholemodule;
				SWIFT_OPTIMIZATION_LEVEL = "-O";
			};
			name = Release;
		};
		F7DD5E3624A2E2C9006F469E /* Debug */ = {
			isa = XCBuildConfiguration;
			buildSettings = {
				ASSETCATALOG_COMPILER_APPICON_NAME = AppIcon;
				ASSETCATALOG_COMPILER_GLOBAL_ACCENT_COLOR_NAME = AccentColor;
				CODE_SIGN_STYLE = Automatic;
				ENABLE_PREVIEWS = YES;
				INFOPLIST_FILE = iOS/Info.plist;
				IPHONEOS_DEPLOYMENT_TARGET = 14.0;
				LD_RUNPATH_SEARCH_PATHS = (
					"$(inherited)",
					"@executable_path/Frameworks",
				);
				PRODUCT_BUNDLE_IDENTIFIER = com.cocoascientist.Luna;
				PRODUCT_NAME = Luna;
				SDKROOT = iphoneos;
				SWIFT_VERSION = 5.0;
				TARGETED_DEVICE_FAMILY = "1,2";
			};
			name = Debug;
		};
		F7DD5E3724A2E2C9006F469E /* Release */ = {
			isa = XCBuildConfiguration;
			buildSettings = {
				ASSETCATALOG_COMPILER_APPICON_NAME = AppIcon;
				ASSETCATALOG_COMPILER_GLOBAL_ACCENT_COLOR_NAME = AccentColor;
				CODE_SIGN_STYLE = Automatic;
				ENABLE_PREVIEWS = YES;
				INFOPLIST_FILE = iOS/Info.plist;
				IPHONEOS_DEPLOYMENT_TARGET = 14.0;
				LD_RUNPATH_SEARCH_PATHS = (
					"$(inherited)",
					"@executable_path/Frameworks",
				);
				PRODUCT_BUNDLE_IDENTIFIER = com.cocoascientist.Luna;
				PRODUCT_NAME = Luna;
				SDKROOT = iphoneos;
				SWIFT_VERSION = 5.0;
				TARGETED_DEVICE_FAMILY = "1,2";
				VALIDATE_PRODUCT = YES;
			};
			name = Release;
		};
		F7DD5E3924A2E2C9006F469E /* Debug */ = {
			isa = XCBuildConfiguration;
			buildSettings = {
				ASSETCATALOG_COMPILER_APPICON_NAME = AppIcon;
				ASSETCATALOG_COMPILER_GLOBAL_ACCENT_COLOR_NAME = AccentColor;
				CODE_SIGN_ENTITLEMENTS = macOS/macOS.entitlements;
				CODE_SIGN_STYLE = Automatic;
				COMBINE_HIDPI_IMAGES = YES;
				ENABLE_PREVIEWS = YES;
				INFOPLIST_FILE = macOS/Info.plist;
				LD_RUNPATH_SEARCH_PATHS = (
					"$(inherited)",
					"@executable_path/../Frameworks",
				);
				MACOSX_DEPLOYMENT_TARGET = 10.16;
				PRODUCT_BUNDLE_IDENTIFIER = org.andyshep.Luna;
				PRODUCT_NAME = Luna;
				SDKROOT = macosx;
				SWIFT_VERSION = 5.0;
			};
			name = Debug;
		};
		F7DD5E3A24A2E2C9006F469E /* Release */ = {
			isa = XCBuildConfiguration;
			buildSettings = {
				ASSETCATALOG_COMPILER_APPICON_NAME = AppIcon;
				ASSETCATALOG_COMPILER_GLOBAL_ACCENT_COLOR_NAME = AccentColor;
				CODE_SIGN_ENTITLEMENTS = macOS/macOS.entitlements;
				CODE_SIGN_STYLE = Automatic;
				COMBINE_HIDPI_IMAGES = YES;
				ENABLE_PREVIEWS = YES;
				INFOPLIST_FILE = macOS/Info.plist;
				LD_RUNPATH_SEARCH_PATHS = (
					"$(inherited)",
					"@executable_path/../Frameworks",
				);
				MACOSX_DEPLOYMENT_TARGET = 10.16;
				PRODUCT_BUNDLE_IDENTIFIER = org.andyshep.Luna;
				PRODUCT_NAME = Luna;
				SDKROOT = macosx;
				SWIFT_VERSION = 5.0;
			};
			name = Release;
		};
		F7DD5E3C24A2E2C9006F469E /* Debug */ = {
			isa = XCBuildConfiguration;
			buildSettings = {
				ALWAYS_EMBED_SWIFT_STANDARD_LIBRARIES = YES;
				CODE_SIGN_STYLE = Automatic;
				INFOPLIST_FILE = "Tests iOS/Info.plist";
				IPHONEOS_DEPLOYMENT_TARGET = 14.0;
				LD_RUNPATH_SEARCH_PATHS = (
					"$(inherited)",
					"@executable_path/Frameworks",
					"@loader_path/Frameworks",
				);
				PRODUCT_BUNDLE_IDENTIFIER = "org.andyshep.Tests-iOS";
				PRODUCT_NAME = "$(TARGET_NAME)";
				SDKROOT = iphoneos;
				SWIFT_VERSION = 5.0;
				TARGETED_DEVICE_FAMILY = "1,2";
				TEST_TARGET_NAME = iOS;
			};
			name = Debug;
		};
		F7DD5E3D24A2E2C9006F469E /* Release */ = {
			isa = XCBuildConfiguration;
			buildSettings = {
				ALWAYS_EMBED_SWIFT_STANDARD_LIBRARIES = YES;
				CODE_SIGN_STYLE = Automatic;
				INFOPLIST_FILE = "Tests iOS/Info.plist";
				IPHONEOS_DEPLOYMENT_TARGET = 14.0;
				LD_RUNPATH_SEARCH_PATHS = (
					"$(inherited)",
					"@executable_path/Frameworks",
					"@loader_path/Frameworks",
				);
				PRODUCT_BUNDLE_IDENTIFIER = "org.andyshep.Tests-iOS";
				PRODUCT_NAME = "$(TARGET_NAME)";
				SDKROOT = iphoneos;
				SWIFT_VERSION = 5.0;
				TARGETED_DEVICE_FAMILY = "1,2";
				TEST_TARGET_NAME = iOS;
				VALIDATE_PRODUCT = YES;
			};
			name = Release;
		};
		F7DD5E3F24A2E2C9006F469E /* Debug */ = {
			isa = XCBuildConfiguration;
			buildSettings = {
				ALWAYS_EMBED_SWIFT_STANDARD_LIBRARIES = YES;
				CODE_SIGN_STYLE = Automatic;
				COMBINE_HIDPI_IMAGES = YES;
				INFOPLIST_FILE = "Tests macOS/Info.plist";
				LD_RUNPATH_SEARCH_PATHS = (
					"$(inherited)",
					"@executable_path/../Frameworks",
					"@loader_path/../Frameworks",
				);
				MACOSX_DEPLOYMENT_TARGET = 10.15;
				PRODUCT_BUNDLE_IDENTIFIER = "org.andyshep.Tests-macOS";
				PRODUCT_NAME = "$(TARGET_NAME)";
				SDKROOT = macosx;
				SWIFT_VERSION = 5.0;
				TEST_TARGET_NAME = macOS;
			};
			name = Debug;
		};
		F7DD5E4024A2E2C9006F469E /* Release */ = {
			isa = XCBuildConfiguration;
			buildSettings = {
				ALWAYS_EMBED_SWIFT_STANDARD_LIBRARIES = YES;
				CODE_SIGN_STYLE = Automatic;
				COMBINE_HIDPI_IMAGES = YES;
				INFOPLIST_FILE = "Tests macOS/Info.plist";
				LD_RUNPATH_SEARCH_PATHS = (
					"$(inherited)",
					"@executable_path/../Frameworks",
					"@loader_path/../Frameworks",
				);
				MACOSX_DEPLOYMENT_TARGET = 10.15;
				PRODUCT_BUNDLE_IDENTIFIER = "org.andyshep.Tests-macOS";
				PRODUCT_NAME = "$(TARGET_NAME)";
				SDKROOT = macosx;
				SWIFT_VERSION = 5.0;
				TEST_TARGET_NAME = macOS;
			};
			name = Release;
		};
/* End XCBuildConfiguration section */

/* Begin XCConfigurationList section */
		F7DD5E0224A2E2C8006F469E /* Build configuration list for PBXProject "Luna" */ = {
			isa = XCConfigurationList;
			buildConfigurations = (
				F7DD5E3324A2E2C9006F469E /* Debug */,
				F7DD5E3424A2E2C9006F469E /* Release */,
			);
			defaultConfigurationIsVisible = 0;
			defaultConfigurationName = Release;
		};
		F7DD5E3524A2E2C9006F469E /* Build configuration list for PBXNativeTarget "iOS" */ = {
			isa = XCConfigurationList;
			buildConfigurations = (
				F7DD5E3624A2E2C9006F469E /* Debug */,
				F7DD5E3724A2E2C9006F469E /* Release */,
			);
			defaultConfigurationIsVisible = 0;
			defaultConfigurationName = Release;
		};
		F7DD5E3824A2E2C9006F469E /* Build configuration list for PBXNativeTarget "macOS" */ = {
			isa = XCConfigurationList;
			buildConfigurations = (
				F7DD5E3924A2E2C9006F469E /* Debug */,
				F7DD5E3A24A2E2C9006F469E /* Release */,
			);
			defaultConfigurationIsVisible = 0;
			defaultConfigurationName = Release;
		};
		F7DD5E3B24A2E2C9006F469E /* Build configuration list for PBXNativeTarget "Tests iOS" */ = {
			isa = XCConfigurationList;
			buildConfigurations = (
				F7DD5E3C24A2E2C9006F469E /* Debug */,
				F7DD5E3D24A2E2C9006F469E /* Release */,
			);
			defaultConfigurationIsVisible = 0;
			defaultConfigurationName = Release;
		};
		F7DD5E3E24A2E2C9006F469E /* Build configuration list for PBXNativeTarget "Tests macOS" */ = {
			isa = XCConfigurationList;
			buildConfigurations = (
				F7DD5E3F24A2E2C9006F469E /* Debug */,
				F7DD5E4024A2E2C9006F469E /* Release */,
			);
			defaultConfigurationIsVisible = 0;
			defaultConfigurationName = Release;
		};
/* End XCConfigurationList section */
	};
	rootObject = F7DD5DFF24A2E2C8006F469E /* Project object */;
}
