// !$*UTF8*$!
{
	archiveVersion = 1;
	classes = {
	};
	objectVersion = 46;
	objects = {

/* Begin PBXBuildFile section */
		F708FFD81C7648EB00CF93BC /* JSON.swift in Sources */ = {isa = PBXBuildFile; fileRef = F708FFD71C7648EB00CF93BC /* JSON.swift */; };
		F7162DF11AC0C09A0083D350 /* LunarPhaseView.swift in Sources */ = {isa = PBXBuildFile; fileRef = F7162DF01AC0C09A0083D350 /* LunarPhaseView.swift */; };
		F7162DF31AC0C0C50083D350 /* NSDate+Lunar.swift in Sources */ = {isa = PBXBuildFile; fileRef = F7162DF21AC0C0C50083D350 /* NSDate+Lunar.swift */; };
		F746F9AA1AF005A4006529BD /* LunarPhaseView.swift in Sources */ = {isa = PBXBuildFile; fileRef = F7162DF01AC0C09A0083D350 /* LunarPhaseView.swift */; };
		F746F9AB1AF005E6006529BD /* NSDate+Lunar.swift in Sources */ = {isa = PBXBuildFile; fileRef = F7162DF21AC0C0C50083D350 /* NSDate+Lunar.swift */; };
		F74734561AA4C390006720F1 /* weathericons-regular-webfont.ttf in Resources */ = {isa = PBXBuildFile; fileRef = F74734551AA4C390006720F1 /* weathericons-regular-webfont.ttf */; };
		F74734581AA4D420006720F1 /* PhasesDataSource.swift in Sources */ = {isa = PBXBuildFile; fileRef = F74734571AA4D420006720F1 /* PhasesDataSource.swift */; };
		F747345A1AA4D8A3006720F1 /* Phase.swift in Sources */ = {isa = PBXBuildFile; fileRef = F74734591AA4D8A3006720F1 /* Phase.swift */; };
		F74916121AA5021C003F1BF4 /* PhaseTableViewCell.swift in Sources */ = {isa = PBXBuildFile; fileRef = F74916101AA5021C003F1BF4 /* PhaseTableViewCell.swift */; };
		F74916131AA5021C003F1BF4 /* PhaseTableViewCell.xib in Resources */ = {isa = PBXBuildFile; fileRef = F74916111AA5021C003F1BF4 /* PhaseTableViewCell.xib */; };
		F74916151AA50269003F1BF4 /* PhaseViewModel.swift in Sources */ = {isa = PBXBuildFile; fileRef = F74916141AA50269003F1BF4 /* PhaseViewModel.swift */; };
		F74FDA971AEE9A5900B5FE17 /* ViewControllerTests.swift in Sources */ = {isa = PBXBuildFile; fileRef = F74FDA961AEE9A5900B5FE17 /* ViewControllerTests.swift */; };
		F755B4221AA62F1500260DE9 /* UIColor+HexColors.swift in Sources */ = {isa = PBXBuildFile; fileRef = F755B4211AA62F1500260DE9 /* UIColor+HexColors.swift */; };
		F755B4241AA6318800260DE9 /* Double+WeatherIcons.swift in Sources */ = {isa = PBXBuildFile; fileRef = F755B4231AA6318800260DE9 /* Double+WeatherIcons.swift */; };
		F75DC1921BFE5BD00034B2B5 /* NetworkError.swift in Sources */ = {isa = PBXBuildFile; fileRef = F7B602121BFE2ED6005C2D48 /* NetworkError.swift */; };
		F76576BA1AA42E00007B2AE5 /* AppDelegate.swift in Sources */ = {isa = PBXBuildFile; fileRef = F76576B91AA42E00007B2AE5 /* AppDelegate.swift */; };
		F76576BC1AA42E00007B2AE5 /* ViewController.swift in Sources */ = {isa = PBXBuildFile; fileRef = F76576BB1AA42E00007B2AE5 /* ViewController.swift */; };
		F76576BF1AA42E00007B2AE5 /* Main.storyboard in Resources */ = {isa = PBXBuildFile; fileRef = F76576BD1AA42E00007B2AE5 /* Main.storyboard */; };
		F76576C11AA42E00007B2AE5 /* Images.xcassets in Resources */ = {isa = PBXBuildFile; fileRef = F76576C01AA42E00007B2AE5 /* Images.xcassets */; };
		F76576C41AA42E00007B2AE5 /* LaunchScreen.xib in Resources */ = {isa = PBXBuildFile; fileRef = F76576C21AA42E00007B2AE5 /* LaunchScreen.xib */; };
		F76576E01AA42E34007B2AE5 /* LocationTracker.swift in Sources */ = {isa = PBXBuildFile; fileRef = F76576DA1AA42E34007B2AE5 /* LocationTracker.swift */; };
		F76576E21AA42E34007B2AE5 /* NSData+JSONResult.swift in Sources */ = {isa = PBXBuildFile; fileRef = F76576DC1AA42E34007B2AE5 /* NSData+JSONResult.swift */; };
		F76576E41AA42E34007B2AE5 /* Result.swift in Sources */ = {isa = PBXBuildFile; fileRef = F76576DE1AA42E34007B2AE5 /* Result.swift */; };
		F76576ED1AA43385007B2AE5 /* LunarHeaderView.swift in Sources */ = {isa = PBXBuildFile; fileRef = F76576EC1AA43385007B2AE5 /* LunarHeaderView.swift */; };
		F76576EF1AA433A1007B2AE5 /* LunarHeaderView.xib in Resources */ = {isa = PBXBuildFile; fileRef = F76576EE1AA433A1007B2AE5 /* LunarHeaderView.xib */; };
		F76576F21AA435A7007B2AE5 /* LunarViewModel.swift in Sources */ = {isa = PBXBuildFile; fileRef = F76576F11AA435A7007B2AE5 /* LunarViewModel.swift */; };
		F76576F41AA43773007B2AE5 /* LunarPhaseModel.swift in Sources */ = {isa = PBXBuildFile; fileRef = F76576F31AA43773007B2AE5 /* LunarPhaseModel.swift */; };
		F76576F71AA437F1007B2AE5 /* Moon.swift in Sources */ = {isa = PBXBuildFile; fileRef = F76576F61AA437F1007B2AE5 /* Moon.swift */; };
		F769B3461ADE162800232B82 /* ViewController.swift in Sources */ = {isa = PBXBuildFile; fileRef = F76576BB1AA42E00007B2AE5 /* ViewController.swift */; };
		F769B3471ADE163B00232B82 /* LunarHeaderView.swift in Sources */ = {isa = PBXBuildFile; fileRef = F76576EC1AA43385007B2AE5 /* LunarHeaderView.swift */; };
		F769B3481ADE164700232B82 /* UIColor+HexColors.swift in Sources */ = {isa = PBXBuildFile; fileRef = F755B4211AA62F1500260DE9 /* UIColor+HexColors.swift */; };
		F77337081ADC74AE005131B7 /* moonphases.json in Resources */ = {isa = PBXBuildFile; fileRef = F77337061ADC74AE005131B7 /* moonphases.json */; };
		F77337091ADC74AE005131B7 /* sunmoon.json in Resources */ = {isa = PBXBuildFile; fileRef = F77337071ADC74AE005131B7 /* sunmoon.json */; };
		F773370B1ADC7622005131B7 /* Result.swift in Sources */ = {isa = PBXBuildFile; fileRef = F76576DE1AA42E34007B2AE5 /* Result.swift */; };
		F773370E1ADC7634005131B7 /* Phase.swift in Sources */ = {isa = PBXBuildFile; fileRef = F74734591AA4D8A3006720F1 /* Phase.swift */; };
		F77337101ADC7641005131B7 /* NSData+JSONResult.swift in Sources */ = {isa = PBXBuildFile; fileRef = F76576DC1AA42E34007B2AE5 /* NSData+JSONResult.swift */; };
		F77337111ADC764F005131B7 /* LocationTracker.swift in Sources */ = {isa = PBXBuildFile; fileRef = F76576DA1AA42E34007B2AE5 /* LocationTracker.swift */; };
		F77337151ADC78B8005131B7 /* NetworkController.swift in Sources */ = {isa = PBXBuildFile; fileRef = F76576DB1AA42E34007B2AE5 /* NetworkController.swift */; };
		F7754D671C0B4C400080D572 /* Request.swift in Sources */ = {isa = PBXBuildFile; fileRef = F79040E11BFEC1F9006989D1 /* Request.swift */; };
		F78818A91ADC6FC2007E2DD8 /* LunarPhaseModelTests.swift in Sources */ = {isa = PBXBuildFile; fileRef = F78818A81ADC6FC2007E2DD8 /* LunarPhaseModelTests.swift */; };
		F78818AD1ADC712D007E2DD8 /* LocalURLProtocol.swift in Sources */ = {isa = PBXBuildFile; fileRef = F78818AC1ADC712D007E2DD8 /* LocalURLProtocol.swift */; };
		F7887B3F1ADED9AC00EF9BA3 /* NSURLSessionConfiguration+Protocols.swift in Sources */ = {isa = PBXBuildFile; fileRef = F7A6B6F31ADD91E600B6F119 /* NSURLSessionConfiguration+Protocols.swift */; };
		F7887B401ADEDA2B00EF9BA3 /* sunmoon.json in Resources */ = {isa = PBXBuildFile; fileRef = F77337071ADC74AE005131B7 /* sunmoon.json */; };
		F7887B411ADEDA2D00EF9BA3 /* moonphases.json in Resources */ = {isa = PBXBuildFile; fileRef = F77337061ADC74AE005131B7 /* moonphases.json */; };
		F7887B431ADEDC5C00EF9BA3 /* LocationTrackerTests.swift in Sources */ = {isa = PBXBuildFile; fileRef = F7887B421ADEDC5C00EF9BA3 /* LocationTrackerTests.swift */; };
		F7887B461ADEEA4A00EF9BA3 /* Main.storyboard in Resources */ = {isa = PBXBuildFile; fileRef = F76576BD1AA42E00007B2AE5 /* Main.storyboard */; };
		F7887B471ADF040800EF9BA3 /* PhaseTableViewCell.xib in Resources */ = {isa = PBXBuildFile; fileRef = F74916111AA5021C003F1BF4 /* PhaseTableViewCell.xib */; };
		F79040E21BFEC1F9006989D1 /* Request.swift in Sources */ = {isa = PBXBuildFile; fileRef = F79040E11BFEC1F9006989D1 /* Request.swift */; };
		F79040E31BFEC98F006989D1 /* AerisAPI.swift in Sources */ = {isa = PBXBuildFile; fileRef = F76576E71AA42E9B007B2AE5 /* AerisAPI.swift */; };
		F79040E41BFEC98F006989D1 /* AerisAPI.swift in Sources */ = {isa = PBXBuildFile; fileRef = F76576E71AA42E9B007B2AE5 /* AerisAPI.swift */; };
		F795BFAE1ADC797200DDEF87 /* Moon.swift in Sources */ = {isa = PBXBuildFile; fileRef = F76576F61AA437F1007B2AE5 /* Moon.swift */; };
		F795BFAF1ADC7A0300DDEF87 /* NetworkController.swift in Sources */ = {isa = PBXBuildFile; fileRef = F76576DB1AA42E34007B2AE5 /* NetworkController.swift */; };
		F795BFB01ADC7AA800DDEF87 /* LunarPhaseModel.swift in Sources */ = {isa = PBXBuildFile; fileRef = F76576F31AA43773007B2AE5 /* LunarPhaseModel.swift */; };
		F7A6B6EB1ADD734A00B6F119 /* FailingURLProtocol.swift in Sources */ = {isa = PBXBuildFile; fileRef = F7A6B6EA1ADD734A00B6F119 /* FailingURLProtocol.swift */; };
		F7A6B6ED1ADD7D5300B6F119 /* BadResponseURLProtocol.swift in Sources */ = {isa = PBXBuildFile; fileRef = F7A6B6EC1ADD7D5300B6F119 /* BadResponseURLProtocol.swift */; };
		F7A6B6EF1ADD824500B6F119 /* BadStatusURLProtocol.swift in Sources */ = {isa = PBXBuildFile; fileRef = F7A6B6EE1ADD824500B6F119 /* BadStatusURLProtocol.swift */; };
		F7A6B6F21ADD91C000B6F119 /* NetworkControllerTests.swift in Sources */ = {isa = PBXBuildFile; fileRef = F7A6B6F11ADD91C000B6F119 /* NetworkControllerTests.swift */; };
		F7A6B6F41ADD91E600B6F119 /* NSURLSessionConfiguration+Protocols.swift in Sources */ = {isa = PBXBuildFile; fileRef = F7A6B6F31ADD91E600B6F119 /* NSURLSessionConfiguration+Protocols.swift */; };
		F7A6B6F61ADDA31C00B6F119 /* LunarViewModelTests.swift in Sources */ = {isa = PBXBuildFile; fileRef = F7A6B6F51ADDA31C00B6F119 /* LunarViewModelTests.swift */; };
		F7A6B6F71ADDA51C00B6F119 /* LunarViewModel.swift in Sources */ = {isa = PBXBuildFile; fileRef = F76576F11AA435A7007B2AE5 /* LunarViewModel.swift */; };
		F7A6B6F91ADDA54400B6F119 /* Double+WeatherIcons.swift in Sources */ = {isa = PBXBuildFile; fileRef = F755B4231AA6318800260DE9 /* Double+WeatherIcons.swift */; };
		F7A6B6FA1ADDA54C00B6F119 /* String+WeatherIcons.swift in Sources */ = {isa = PBXBuildFile; fileRef = F74916181AA50491003F1BF4 /* String+WeatherIcons.swift */; };
		F7A6B6FC1ADDABCF00B6F119 /* PhasesDataSourceTests.swift in Sources */ = {isa = PBXBuildFile; fileRef = F7A6B6FB1ADDABCF00B6F119 /* PhasesDataSourceTests.swift */; };
		F7A6B6FD1ADDAD7000B6F119 /* PhasesDataSource.swift in Sources */ = {isa = PBXBuildFile; fileRef = F74734571AA4D420006720F1 /* PhasesDataSource.swift */; };
		F7A6B6FE1ADDAD7A00B6F119 /* PhaseTableViewCell.swift in Sources */ = {isa = PBXBuildFile; fileRef = F74916101AA5021C003F1BF4 /* PhaseTableViewCell.swift */; };
		F7A6B6FF1ADDAD8600B6F119 /* PhaseViewModel.swift in Sources */ = {isa = PBXBuildFile; fileRef = F74916141AA50269003F1BF4 /* PhaseViewModel.swift */; };
		F7A6B7001ADDAD9100B6F119 /* String+WeatherIcons.swift in Sources */ = {isa = PBXBuildFile; fileRef = F74916181AA50491003F1BF4 /* String+WeatherIcons.swift */; };
		F7A6B7021ADDC73E00B6F119 /* AerisAPITests.swift in Sources */ = {isa = PBXBuildFile; fileRef = F7A6B7011ADDC73E00B6F119 /* AerisAPITests.swift */; };
		F7B1A08D1C9F699900996E24 /* Reachable.swift in Sources */ = {isa = PBXBuildFile; fileRef = F7EA0E281C90C83C00AA964B /* Reachable.swift */; };
		F7B602131BFE2ED6005C2D48 /* NetworkError.swift in Sources */ = {isa = PBXBuildFile; fileRef = F7B602121BFE2ED6005C2D48 /* NetworkError.swift */; };
		F7BCE5751ADDD88D0061FFF5 /* Array+Contains.swift in Sources */ = {isa = PBXBuildFile; fileRef = F7BCE5741ADDD88D0061FFF5 /* Array+Contains.swift */; };
		F7BCE5761ADDD8AA0061FFF5 /* Array+Contains.swift in Sources */ = {isa = PBXBuildFile; fileRef = F7BCE5741ADDD88D0061FFF5 /* Array+Contains.swift */; };
		F7D85CCD1BF27A9700280B31 /* QueryParameters.swift in Sources */ = {isa = PBXBuildFile; fileRef = F7FBB2831BF25D9B006FA00F /* QueryParameters.swift */; };
		F7EA0E251C90A96200AA964B /* JSON.swift in Sources */ = {isa = PBXBuildFile; fileRef = F708FFD71C7648EB00CF93BC /* JSON.swift */; };
		F7EA0E261C90A98200AA964B /* MoonTests.swift in Sources */ = {isa = PBXBuildFile; fileRef = F7F146E61AF0907D004716AF /* MoonTests.swift */; };
		F7EA0E271C90AA5800AA964B /* PhaseTests.swift in Sources */ = {isa = PBXBuildFile; fileRef = F7A6B6E81ADD6E9700B6F119 /* PhaseTests.swift */; };
		F7EA0E291C90C83C00AA964B /* Reachable.swift in Sources */ = {isa = PBXBuildFile; fileRef = F7EA0E281C90C83C00AA964B /* Reachable.swift */; };
		F7FBB2841BF25D9B006FA00F /* QueryParameters.swift in Sources */ = {isa = PBXBuildFile; fileRef = F7FBB2831BF25D9B006FA00F /* QueryParameters.swift */; };
/* End PBXBuildFile section */

/* Begin PBXContainerItemProxy section */
		F76576CA1AA42E00007B2AE5 /* PBXContainerItemProxy */ = {
			isa = PBXContainerItemProxy;
			containerPortal = F76576AC1AA42E00007B2AE5 /* Project object */;
			proxyType = 1;
			remoteGlobalIDString = F76576B31AA42E00007B2AE5;
			remoteInfo = Luna;
		};
/* End PBXContainerItemProxy section */

/* Begin PBXCopyFilesBuildPhase section */
		F704B4581AB5C15500BBF2F7 /* Embed App Extensions */ = {
			isa = PBXCopyFilesBuildPhase;
			buildActionMask = 2147483647;
			dstPath = "";
			dstSubfolderSpec = 13;
			files = (
			);
			name = "Embed App Extensions";
			runOnlyForDeploymentPostprocessing = 0;
		};
/* End PBXCopyFilesBuildPhase section */

/* Begin PBXFileReference section */
		F704B4491AB5C15500BBF2F7 /* NotificationCenter.framework */ = {isa = PBXFileReference; lastKnownFileType = wrapper.framework; name = NotificationCenter.framework; path = System/Library/Frameworks/NotificationCenter.framework; sourceTree = SDKROOT; };
		F708FFD71C7648EB00CF93BC /* JSON.swift */ = {isa = PBXFileReference; fileEncoding = 4; lastKnownFileType = sourcecode.swift; path = JSON.swift; sourceTree = "<group>"; };
		F7162DF01AC0C09A0083D350 /* LunarPhaseView.swift */ = {isa = PBXFileReference; fileEncoding = 4; lastKnownFileType = sourcecode.swift; path = LunarPhaseView.swift; sourceTree = "<group>"; };
		F7162DF21AC0C0C50083D350 /* NSDate+Lunar.swift */ = {isa = PBXFileReference; fileEncoding = 4; lastKnownFileType = sourcecode.swift; path = "NSDate+Lunar.swift"; sourceTree = "<group>"; };
		F74734551AA4C390006720F1 /* weathericons-regular-webfont.ttf */ = {isa = PBXFileReference; lastKnownFileType = file; path = "weathericons-regular-webfont.ttf"; sourceTree = "<group>"; };
		F74734571AA4D420006720F1 /* PhasesDataSource.swift */ = {isa = PBXFileReference; fileEncoding = 4; lastKnownFileType = sourcecode.swift; path = PhasesDataSource.swift; sourceTree = "<group>"; };
		F74734591AA4D8A3006720F1 /* Phase.swift */ = {isa = PBXFileReference; fileEncoding = 4; lastKnownFileType = sourcecode.swift; path = Phase.swift; sourceTree = "<group>"; };
		F74916101AA5021C003F1BF4 /* PhaseTableViewCell.swift */ = {isa = PBXFileReference; fileEncoding = 4; lastKnownFileType = sourcecode.swift; path = PhaseTableViewCell.swift; sourceTree = "<group>"; };
		F74916111AA5021C003F1BF4 /* PhaseTableViewCell.xib */ = {isa = PBXFileReference; fileEncoding = 4; lastKnownFileType = file.xib; path = PhaseTableViewCell.xib; sourceTree = "<group>"; };
		F74916141AA50269003F1BF4 /* PhaseViewModel.swift */ = {isa = PBXFileReference; fileEncoding = 4; lastKnownFileType = sourcecode.swift; path = PhaseViewModel.swift; sourceTree = "<group>"; };
		F74916181AA50491003F1BF4 /* String+WeatherIcons.swift */ = {isa = PBXFileReference; fileEncoding = 4; lastKnownFileType = sourcecode.swift; path = "String+WeatherIcons.swift"; sourceTree = "<group>"; };
		F74FDA961AEE9A5900B5FE17 /* ViewControllerTests.swift */ = {isa = PBXFileReference; fileEncoding = 4; lastKnownFileType = sourcecode.swift; path = ViewControllerTests.swift; sourceTree = "<group>"; };
		F755B4211AA62F1500260DE9 /* UIColor+HexColors.swift */ = {isa = PBXFileReference; fileEncoding = 4; lastKnownFileType = sourcecode.swift; path = "UIColor+HexColors.swift"; sourceTree = "<group>"; };
		F755B4231AA6318800260DE9 /* Double+WeatherIcons.swift */ = {isa = PBXFileReference; fileEncoding = 4; lastKnownFileType = sourcecode.swift; path = "Double+WeatherIcons.swift"; sourceTree = "<group>"; };
		F76576B41AA42E00007B2AE5 /* Luna.app */ = {isa = PBXFileReference; explicitFileType = wrapper.application; includeInIndex = 0; path = Luna.app; sourceTree = BUILT_PRODUCTS_DIR; };
		F76576B81AA42E00007B2AE5 /* Info.plist */ = {isa = PBXFileReference; lastKnownFileType = text.plist.xml; path = Info.plist; sourceTree = "<group>"; };
		F76576B91AA42E00007B2AE5 /* AppDelegate.swift */ = {isa = PBXFileReference; lastKnownFileType = sourcecode.swift; path = AppDelegate.swift; sourceTree = "<group>"; };
		F76576BB1AA42E00007B2AE5 /* ViewController.swift */ = {isa = PBXFileReference; lastKnownFileType = sourcecode.swift; path = ViewController.swift; sourceTree = "<group>"; };
		F76576BE1AA42E00007B2AE5 /* Base */ = {isa = PBXFileReference; lastKnownFileType = file.storyboard; name = Base; path = Base.lproj/Main.storyboard; sourceTree = "<group>"; };
		F76576C01AA42E00007B2AE5 /* Images.xcassets */ = {isa = PBXFileReference; lastKnownFileType = folder.assetcatalog; path = Images.xcassets; sourceTree = "<group>"; };
		F76576C31AA42E00007B2AE5 /* Base */ = {isa = PBXFileReference; lastKnownFileType = file.xib; name = Base; path = Base.lproj/LaunchScreen.xib; sourceTree = "<group>"; };
		F76576C91AA42E00007B2AE5 /* LunaTests.xctest */ = {isa = PBXFileReference; explicitFileType = wrapper.cfbundle; includeInIndex = 0; path = LunaTests.xctest; sourceTree = BUILT_PRODUCTS_DIR; };
		F76576CE1AA42E00007B2AE5 /* Info.plist */ = {isa = PBXFileReference; lastKnownFileType = text.plist.xml; path = Info.plist; sourceTree = "<group>"; };
		F76576DA1AA42E34007B2AE5 /* LocationTracker.swift */ = {isa = PBXFileReference; fileEncoding = 4; lastKnownFileType = sourcecode.swift; path = LocationTracker.swift; sourceTree = "<group>"; };
		F76576DB1AA42E34007B2AE5 /* NetworkController.swift */ = {isa = PBXFileReference; fileEncoding = 4; lastKnownFileType = sourcecode.swift; path = NetworkController.swift; sourceTree = "<group>"; };
		F76576DC1AA42E34007B2AE5 /* NSData+JSONResult.swift */ = {isa = PBXFileReference; fileEncoding = 4; lastKnownFileType = sourcecode.swift; path = "NSData+JSONResult.swift"; sourceTree = "<group>"; };
		F76576DE1AA42E34007B2AE5 /* Result.swift */ = {isa = PBXFileReference; fileEncoding = 4; lastKnownFileType = sourcecode.swift; path = Result.swift; sourceTree = "<group>"; };
		F76576E71AA42E9B007B2AE5 /* AerisAPI.swift */ = {isa = PBXFileReference; fileEncoding = 4; lastKnownFileType = sourcecode.swift; path = AerisAPI.swift; sourceTree = "<group>"; };
		F76576EC1AA43385007B2AE5 /* LunarHeaderView.swift */ = {isa = PBXFileReference; fileEncoding = 4; lastKnownFileType = sourcecode.swift; path = LunarHeaderView.swift; sourceTree = "<group>"; };
		F76576EE1AA433A1007B2AE5 /* LunarHeaderView.xib */ = {isa = PBXFileReference; fileEncoding = 4; lastKnownFileType = file.xib; path = LunarHeaderView.xib; sourceTree = "<group>"; };
		F76576F11AA435A7007B2AE5 /* LunarViewModel.swift */ = {isa = PBXFileReference; fileEncoding = 4; lastKnownFileType = sourcecode.swift; path = LunarViewModel.swift; sourceTree = "<group>"; };
		F76576F31AA43773007B2AE5 /* LunarPhaseModel.swift */ = {isa = PBXFileReference; fileEncoding = 4; lastKnownFileType = sourcecode.swift; path = LunarPhaseModel.swift; sourceTree = "<group>"; };
		F76576F61AA437F1007B2AE5 /* Moon.swift */ = {isa = PBXFileReference; fileEncoding = 4; lastKnownFileType = sourcecode.swift; path = Moon.swift; sourceTree = "<group>"; };
		F77337061ADC74AE005131B7 /* moonphases.json */ = {isa = PBXFileReference; fileEncoding = 4; lastKnownFileType = text.json; path = moonphases.json; sourceTree = "<group>"; };
		F77337071ADC74AE005131B7 /* sunmoon.json */ = {isa = PBXFileReference; fileEncoding = 4; lastKnownFileType = text.json; path = sunmoon.json; sourceTree = "<group>"; };
		F78818A81ADC6FC2007E2DD8 /* LunarPhaseModelTests.swift */ = {isa = PBXFileReference; fileEncoding = 4; lastKnownFileType = sourcecode.swift; path = LunarPhaseModelTests.swift; sourceTree = "<group>"; };
		F78818AC1ADC712D007E2DD8 /* LocalURLProtocol.swift */ = {isa = PBXFileReference; fileEncoding = 4; lastKnownFileType = sourcecode.swift; path = LocalURLProtocol.swift; sourceTree = "<group>"; };
		F7887B421ADEDC5C00EF9BA3 /* LocationTrackerTests.swift */ = {isa = PBXFileReference; fileEncoding = 4; lastKnownFileType = sourcecode.swift; path = LocationTrackerTests.swift; sourceTree = "<group>"; };
		F79040E11BFEC1F9006989D1 /* Request.swift */ = {isa = PBXFileReference; fileEncoding = 4; lastKnownFileType = sourcecode.swift; path = Request.swift; sourceTree = "<group>"; };
		F7A6B6E81ADD6E9700B6F119 /* PhaseTests.swift */ = {isa = PBXFileReference; fileEncoding = 4; lastKnownFileType = sourcecode.swift; path = PhaseTests.swift; sourceTree = "<group>"; };
		F7A6B6EA1ADD734A00B6F119 /* FailingURLProtocol.swift */ = {isa = PBXFileReference; fileEncoding = 4; lastKnownFileType = sourcecode.swift; path = FailingURLProtocol.swift; sourceTree = "<group>"; };
		F7A6B6EC1ADD7D5300B6F119 /* BadResponseURLProtocol.swift */ = {isa = PBXFileReference; fileEncoding = 4; lastKnownFileType = sourcecode.swift; path = BadResponseURLProtocol.swift; sourceTree = "<group>"; };
		F7A6B6EE1ADD824500B6F119 /* BadStatusURLProtocol.swift */ = {isa = PBXFileReference; fileEncoding = 4; lastKnownFileType = sourcecode.swift; path = BadStatusURLProtocol.swift; sourceTree = "<group>"; };
		F7A6B6F11ADD91C000B6F119 /* NetworkControllerTests.swift */ = {isa = PBXFileReference; fileEncoding = 4; lastKnownFileType = sourcecode.swift; path = NetworkControllerTests.swift; sourceTree = "<group>"; };
		F7A6B6F31ADD91E600B6F119 /* NSURLSessionConfiguration+Protocols.swift */ = {isa = PBXFileReference; fileEncoding = 4; lastKnownFileType = sourcecode.swift; path = "NSURLSessionConfiguration+Protocols.swift"; sourceTree = "<group>"; };
		F7A6B6F51ADDA31C00B6F119 /* LunarViewModelTests.swift */ = {isa = PBXFileReference; fileEncoding = 4; lastKnownFileType = sourcecode.swift; path = LunarViewModelTests.swift; sourceTree = "<group>"; };
		F7A6B6FB1ADDABCF00B6F119 /* PhasesDataSourceTests.swift */ = {isa = PBXFileReference; fileEncoding = 4; lastKnownFileType = sourcecode.swift; path = PhasesDataSourceTests.swift; sourceTree = "<group>"; };
		F7A6B7011ADDC73E00B6F119 /* AerisAPITests.swift */ = {isa = PBXFileReference; fileEncoding = 4; lastKnownFileType = sourcecode.swift; path = AerisAPITests.swift; sourceTree = "<group>"; };
		F7B602121BFE2ED6005C2D48 /* NetworkError.swift */ = {isa = PBXFileReference; fileEncoding = 4; lastKnownFileType = sourcecode.swift; path = NetworkError.swift; sourceTree = "<group>"; };
		F7BCE5741ADDD88D0061FFF5 /* Array+Contains.swift */ = {isa = PBXFileReference; fileEncoding = 4; lastKnownFileType = sourcecode.swift; path = "Array+Contains.swift"; sourceTree = "<group>"; };
		F7EA0E281C90C83C00AA964B /* Reachable.swift */ = {isa = PBXFileReference; fileEncoding = 4; lastKnownFileType = sourcecode.swift; path = Reachable.swift; sourceTree = "<group>"; };
		F7F146E61AF0907D004716AF /* MoonTests.swift */ = {isa = PBXFileReference; fileEncoding = 4; lastKnownFileType = sourcecode.swift; path = MoonTests.swift; sourceTree = "<group>"; };
		F7FBB2831BF25D9B006FA00F /* QueryParameters.swift */ = {isa = PBXFileReference; fileEncoding = 4; lastKnownFileType = sourcecode.swift; path = QueryParameters.swift; sourceTree = "<group>"; };
/* End PBXFileReference section */

/* Begin PBXFrameworksBuildPhase section */
		F76576B11AA42E00007B2AE5 /* Frameworks */ = {
			isa = PBXFrameworksBuildPhase;
			buildActionMask = 2147483647;
			files = (
			);
			runOnlyForDeploymentPostprocessing = 0;
		};
		F76576C61AA42E00007B2AE5 /* Frameworks */ = {
			isa = PBXFrameworksBuildPhase;
			buildActionMask = 2147483647;
			files = (
			);
			runOnlyForDeploymentPostprocessing = 0;
		};
/* End PBXFrameworksBuildPhase section */

/* Begin PBXGroup section */
		F704B4481AB5C15500BBF2F7 /* Frameworks */ = {
			isa = PBXGroup;
			children = (
				F704B4491AB5C15500BBF2F7 /* NotificationCenter.framework */,
			);
			name = Frameworks;
			sourceTree = "<group>";
		};
		F76576AB1AA42E00007B2AE5 = {
			isa = PBXGroup;
			children = (
				F76576B61AA42E00007B2AE5 /* Luna */,
				F76576CC1AA42E00007B2AE5 /* LunaTests */,
				F704B4481AB5C15500BBF2F7 /* Frameworks */,
				F76576B51AA42E00007B2AE5 /* Products */,
			);
			sourceTree = "<group>";
		};
		F76576B51AA42E00007B2AE5 /* Products */ = {
			isa = PBXGroup;
			children = (
				F76576B41AA42E00007B2AE5 /* Luna.app */,
				F76576C91AA42E00007B2AE5 /* LunaTests.xctest */,
			);
			name = Products;
			sourceTree = "<group>";
		};
		F76576B61AA42E00007B2AE5 /* Luna */ = {
			isa = PBXGroup;
			children = (
				F76576B91AA42E00007B2AE5 /* AppDelegate.swift */,
				F76576BB1AA42E00007B2AE5 /* ViewController.swift */,
				F76576E91AA43347007B2AE5 /* View */,
				F76576F01AA434B4007B2AE5 /* ViewModel */,
				F76576E51AA42E60007B2AE5 /* Model */,
				F76576E61AA42E69007B2AE5 /* Network */,
				F76576F51AA437A0007B2AE5 /* Types & Extensions */,
				F76576BD1AA42E00007B2AE5 /* Main.storyboard */,
				F76576C01AA42E00007B2AE5 /* Images.xcassets */,
				F76576C21AA42E00007B2AE5 /* LaunchScreen.xib */,
				F76576B71AA42E00007B2AE5 /* Supporting Files */,
			);
			path = Luna;
			sourceTree = "<group>";
		};
		F76576B71AA42E00007B2AE5 /* Supporting Files */ = {
			isa = PBXGroup;
			children = (
				F74734551AA4C390006720F1 /* weathericons-regular-webfont.ttf */,
				F76576B81AA42E00007B2AE5 /* Info.plist */,
			);
			name = "Supporting Files";
			sourceTree = "<group>";
		};
		F76576CC1AA42E00007B2AE5 /* LunaTests */ = {
			isa = PBXGroup;
			children = (
				F74FDA961AEE9A5900B5FE17 /* ViewControllerTests.swift */,
				F7BCE5721ADDD3FE0061FFF5 /* ViewModel */,
				F7BCE5711ADDD3EC0061FFF5 /* Model */,
				F7BCE5731ADDD40D0061FFF5 /* Network */,
				F7A6B6F01ADD919400B6F119 /* URL Protocols */,
				F76576CD1AA42E00007B2AE5 /* Supporting Files */,
			);
			path = LunaTests;
			sourceTree = "<group>";
		};
		F76576CD1AA42E00007B2AE5 /* Supporting Files */ = {
			isa = PBXGroup;
			children = (
				F77337061ADC74AE005131B7 /* moonphases.json */,
				F77337071ADC74AE005131B7 /* sunmoon.json */,
				F76576CE1AA42E00007B2AE5 /* Info.plist */,
			);
			name = "Supporting Files";
			sourceTree = "<group>";
		};
		F76576E51AA42E60007B2AE5 /* Model */ = {
			isa = PBXGroup;
			children = (
				F76576F31AA43773007B2AE5 /* LunarPhaseModel.swift */,
				F76576F61AA437F1007B2AE5 /* Moon.swift */,
				F74734591AA4D8A3006720F1 /* Phase.swift */,
			);
			name = Model;
			sourceTree = "<group>";
		};
		F76576E61AA42E69007B2AE5 /* Network */ = {
			isa = PBXGroup;
			children = (
				F76576DA1AA42E34007B2AE5 /* LocationTracker.swift */,
				F76576DB1AA42E34007B2AE5 /* NetworkController.swift */,
				F76576E71AA42E9B007B2AE5 /* AerisAPI.swift */,
				F79040E11BFEC1F9006989D1 /* Request.swift */,
				F7EA0E281C90C83C00AA964B /* Reachable.swift */,
			);
			name = Network;
			sourceTree = "<group>";
		};
		F76576E91AA43347007B2AE5 /* View */ = {
			isa = PBXGroup;
			children = (
				F76576EC1AA43385007B2AE5 /* LunarHeaderView.swift */,
				F76576EE1AA433A1007B2AE5 /* LunarHeaderView.xib */,
				F74916101AA5021C003F1BF4 /* PhaseTableViewCell.swift */,
				F74916111AA5021C003F1BF4 /* PhaseTableViewCell.xib */,
				F7162DF01AC0C09A0083D350 /* LunarPhaseView.swift */,
			);
			name = View;
			sourceTree = "<group>";
		};
		F76576F01AA434B4007B2AE5 /* ViewModel */ = {
			isa = PBXGroup;
			children = (
				F76576F11AA435A7007B2AE5 /* LunarViewModel.swift */,
				F74734571AA4D420006720F1 /* PhasesDataSource.swift */,
				F74916141AA50269003F1BF4 /* PhaseViewModel.swift */,
			);
			name = ViewModel;
			sourceTree = "<group>";
		};
		F76576F51AA437A0007B2AE5 /* Types & Extensions */ = {
			isa = PBXGroup;
			children = (
				F755B4211AA62F1500260DE9 /* UIColor+HexColors.swift */,
				F74916181AA50491003F1BF4 /* String+WeatherIcons.swift */,
				F76576DC1AA42E34007B2AE5 /* NSData+JSONResult.swift */,
				F76576DE1AA42E34007B2AE5 /* Result.swift */,
				F7B602121BFE2ED6005C2D48 /* NetworkError.swift */,
				F755B4231AA6318800260DE9 /* Double+WeatherIcons.swift */,
				F7162DF21AC0C0C50083D350 /* NSDate+Lunar.swift */,
				F7BCE5741ADDD88D0061FFF5 /* Array+Contains.swift */,
				F7FBB2831BF25D9B006FA00F /* QueryParameters.swift */,
				F708FFD71C7648EB00CF93BC /* JSON.swift */,
			);
			name = "Types & Extensions";
			sourceTree = "<group>";
		};
		F7A6B6F01ADD919400B6F119 /* URL Protocols */ = {
			isa = PBXGroup;
			children = (
				F7A6B6F31ADD91E600B6F119 /* NSURLSessionConfiguration+Protocols.swift */,
				F7A6B6EA1ADD734A00B6F119 /* FailingURLProtocol.swift */,
				F78818AC1ADC712D007E2DD8 /* LocalURLProtocol.swift */,
				F7A6B6EC1ADD7D5300B6F119 /* BadResponseURLProtocol.swift */,
				F7A6B6EE1ADD824500B6F119 /* BadStatusURLProtocol.swift */,
			);
			name = "URL Protocols";
			sourceTree = "<group>";
		};
		F7BCE5711ADDD3EC0061FFF5 /* Model */ = {
			isa = PBXGroup;
			children = (
				F7F146E61AF0907D004716AF /* MoonTests.swift */,
				F78818A81ADC6FC2007E2DD8 /* LunarPhaseModelTests.swift */,
				F7A6B6E81ADD6E9700B6F119 /* PhaseTests.swift */,
			);
			name = Model;
			sourceTree = "<group>";
		};
		F7BCE5721ADDD3FE0061FFF5 /* ViewModel */ = {
			isa = PBXGroup;
			children = (
				F7A6B6F51ADDA31C00B6F119 /* LunarViewModelTests.swift */,
				F7A6B6FB1ADDABCF00B6F119 /* PhasesDataSourceTests.swift */,
			);
			name = ViewModel;
			sourceTree = "<group>";
		};
		F7BCE5731ADDD40D0061FFF5 /* Network */ = {
			isa = PBXGroup;
			children = (
				F7A6B6F11ADD91C000B6F119 /* NetworkControllerTests.swift */,
				F7A6B7011ADDC73E00B6F119 /* AerisAPITests.swift */,
				F7887B421ADEDC5C00EF9BA3 /* LocationTrackerTests.swift */,
			);
			name = Network;
			sourceTree = "<group>";
		};
/* End PBXGroup section */

/* Begin PBXNativeTarget section */
		F76576B31AA42E00007B2AE5 /* Luna */ = {
			isa = PBXNativeTarget;
			buildConfigurationList = F76576D31AA42E00007B2AE5 /* Build configuration list for PBXNativeTarget "Luna" */;
			buildPhases = (
				F76576B01AA42E00007B2AE5 /* Sources */,
				F76576B11AA42E00007B2AE5 /* Frameworks */,
				F76576B21AA42E00007B2AE5 /* Resources */,
				F704B4581AB5C15500BBF2F7 /* Embed App Extensions */,
			);
			buildRules = (
			);
			dependencies = (
			);
			name = Luna;
			productName = Luna;
			productReference = F76576B41AA42E00007B2AE5 /* Luna.app */;
			productType = "com.apple.product-type.application";
		};
		F76576C81AA42E00007B2AE5 /* LunaTests */ = {
			isa = PBXNativeTarget;
			buildConfigurationList = F76576D61AA42E00007B2AE5 /* Build configuration list for PBXNativeTarget "LunaTests" */;
			buildPhases = (
				F76576C51AA42E00007B2AE5 /* Sources */,
				F76576C61AA42E00007B2AE5 /* Frameworks */,
				F76576C71AA42E00007B2AE5 /* Resources */,
			);
			buildRules = (
			);
			dependencies = (
				F76576CB1AA42E00007B2AE5 /* PBXTargetDependency */,
			);
			name = LunaTests;
			productName = LunaTests;
			productReference = F76576C91AA42E00007B2AE5 /* LunaTests.xctest */;
			productType = "com.apple.product-type.bundle.unit-test";
		};
/* End PBXNativeTarget section */

/* Begin PBXProject section */
		F76576AC1AA42E00007B2AE5 /* Project object */ = {
			isa = PBXProject;
			attributes = {
				LastSwiftUpdateCheck = 0700;
				LastUpgradeCheck = 0700;
				ORGANIZATIONNAME = "Andrew Shepard";
				TargetAttributes = {
					F76576B31AA42E00007B2AE5 = {
						CreatedOnToolsVersion = 6.3;
					};
					F76576C81AA42E00007B2AE5 = {
						CreatedOnToolsVersion = 6.3;
						TestTargetID = F76576B31AA42E00007B2AE5;
					};
				};
			};
			buildConfigurationList = F76576AF1AA42E00007B2AE5 /* Build configuration list for PBXProject "Luna" */;
			compatibilityVersion = "Xcode 3.2";
			developmentRegion = English;
			hasScannedForEncodings = 0;
			knownRegions = (
				en,
				Base,
			);
			mainGroup = F76576AB1AA42E00007B2AE5;
			productRefGroup = F76576B51AA42E00007B2AE5 /* Products */;
			projectDirPath = "";
			projectRoot = "";
			targets = (
				F76576B31AA42E00007B2AE5 /* Luna */,
				F76576C81AA42E00007B2AE5 /* LunaTests */,
			);
		};
/* End PBXProject section */

/* Begin PBXResourcesBuildPhase section */
		F76576B21AA42E00007B2AE5 /* Resources */ = {
			isa = PBXResourcesBuildPhase;
			buildActionMask = 2147483647;
			files = (
				F76576BF1AA42E00007B2AE5 /* Main.storyboard in Resources */,
				F76576C41AA42E00007B2AE5 /* LaunchScreen.xib in Resources */,
				F76576EF1AA433A1007B2AE5 /* LunarHeaderView.xib in Resources */,
				F74734561AA4C390006720F1 /* weathericons-regular-webfont.ttf in Resources */,
				F7887B411ADEDA2D00EF9BA3 /* moonphases.json in Resources */,
				F76576C11AA42E00007B2AE5 /* Images.xcassets in Resources */,
				F74916131AA5021C003F1BF4 /* PhaseTableViewCell.xib in Resources */,
				F7887B401ADEDA2B00EF9BA3 /* sunmoon.json in Resources */,
			);
			runOnlyForDeploymentPostprocessing = 0;
		};
		F76576C71AA42E00007B2AE5 /* Resources */ = {
			isa = PBXResourcesBuildPhase;
			buildActionMask = 2147483647;
			files = (
				F7887B461ADEEA4A00EF9BA3 /* Main.storyboard in Resources */,
				F77337081ADC74AE005131B7 /* moonphases.json in Resources */,
				F77337091ADC74AE005131B7 /* sunmoon.json in Resources */,
				F7887B471ADF040800EF9BA3 /* PhaseTableViewCell.xib in Resources */,
			);
			runOnlyForDeploymentPostprocessing = 0;
		};
/* End PBXResourcesBuildPhase section */

/* Begin PBXSourcesBuildPhase section */
		F76576B01AA42E00007B2AE5 /* Sources */ = {
			isa = PBXSourcesBuildPhase;
			buildActionMask = 2147483647;
			files = (
				F755B4221AA62F1500260DE9 /* UIColor+HexColors.swift in Sources */,
				F79040E21BFEC1F9006989D1 /* Request.swift in Sources */,
				F7FBB2841BF25D9B006FA00F /* QueryParameters.swift in Sources */,
				F7162DF11AC0C09A0083D350 /* LunarPhaseView.swift in Sources */,
				F74916121AA5021C003F1BF4 /* PhaseTableViewCell.swift in Sources */,
				F76576F71AA437F1007B2AE5 /* Moon.swift in Sources */,
				F79040E31BFEC98F006989D1 /* AerisAPI.swift in Sources */,
				F77337151ADC78B8005131B7 /* NetworkController.swift in Sources */,
				F7A6B6FA1ADDA54C00B6F119 /* String+WeatherIcons.swift in Sources */,
				F7B602131BFE2ED6005C2D48 /* NetworkError.swift in Sources */,
				F7162DF31AC0C0C50083D350 /* NSDate+Lunar.swift in Sources */,
				F76576BC1AA42E00007B2AE5 /* ViewController.swift in Sources */,
				F76576F41AA43773007B2AE5 /* LunarPhaseModel.swift in Sources */,
				F755B4241AA6318800260DE9 /* Double+WeatherIcons.swift in Sources */,
				F76576E21AA42E34007B2AE5 /* NSData+JSONResult.swift in Sources */,
				F76576E01AA42E34007B2AE5 /* LocationTracker.swift in Sources */,
				F76576ED1AA43385007B2AE5 /* LunarHeaderView.swift in Sources */,
				F76576BA1AA42E00007B2AE5 /* AppDelegate.swift in Sources */,
				F747345A1AA4D8A3006720F1 /* Phase.swift in Sources */,
				F74734581AA4D420006720F1 /* PhasesDataSource.swift in Sources */,
				F7EA0E291C90C83C00AA964B /* Reachable.swift in Sources */,
				F708FFD81C7648EB00CF93BC /* JSON.swift in Sources */,
				F74916151AA50269003F1BF4 /* PhaseViewModel.swift in Sources */,
				F76576E41AA42E34007B2AE5 /* Result.swift in Sources */,
				F7887B3F1ADED9AC00EF9BA3 /* NSURLSessionConfiguration+Protocols.swift in Sources */,
				F76576F21AA435A7007B2AE5 /* LunarViewModel.swift in Sources */,
				F7BCE5751ADDD88D0061FFF5 /* Array+Contains.swift in Sources */,
			);
			runOnlyForDeploymentPostprocessing = 0;
		};
		F76576C51AA42E00007B2AE5 /* Sources */ = {
			isa = PBXSourcesBuildPhase;
			buildActionMask = 2147483647;
			files = (
				F769B3461ADE162800232B82 /* ViewController.swift in Sources */,
				F773370B1ADC7622005131B7 /* Result.swift in Sources */,
				F7A6B6FD1ADDAD7000B6F119 /* PhasesDataSource.swift in Sources */,
				F78818AD1ADC712D007E2DD8 /* LocalURLProtocol.swift in Sources */,
				F78818A91ADC6FC2007E2DD8 /* LunarPhaseModelTests.swift in Sources */,
				F77337111ADC764F005131B7 /* LocationTracker.swift in Sources */,
				F7A6B6EB1ADD734A00B6F119 /* FailingURLProtocol.swift in Sources */,
				F7887B431ADEDC5C00EF9BA3 /* LocationTrackerTests.swift in Sources */,
				F7A6B6EF1ADD824500B6F119 /* BadStatusURLProtocol.swift in Sources */,
				F7A6B6FE1ADDAD7A00B6F119 /* PhaseTableViewCell.swift in Sources */,
				F7A6B6FC1ADDABCF00B6F119 /* PhasesDataSourceTests.swift in Sources */,
				F7A6B7021ADDC73E00B6F119 /* AerisAPITests.swift in Sources */,
				F74FDA971AEE9A5900B5FE17 /* ViewControllerTests.swift in Sources */,
				F77337101ADC7641005131B7 /* NSData+JSONResult.swift in Sources */,
				F7BCE5761ADDD8AA0061FFF5 /* Array+Contains.swift in Sources */,
				F7A6B6F41ADD91E600B6F119 /* NSURLSessionConfiguration+Protocols.swift in Sources */,
				F7A6B6F71ADDA51C00B6F119 /* LunarViewModel.swift in Sources */,
				F769B3481ADE164700232B82 /* UIColor+HexColors.swift in Sources */,
				F7A6B6FF1ADDAD8600B6F119 /* PhaseViewModel.swift in Sources */,
				F769B3471ADE163B00232B82 /* LunarHeaderView.swift in Sources */,
				F795BFB01ADC7AA800DDEF87 /* LunarPhaseModel.swift in Sources */,
				F7A6B6F91ADDA54400B6F119 /* Double+WeatherIcons.swift in Sources */,
				F7754D671C0B4C400080D572 /* Request.swift in Sources */,
				F79040E41BFEC98F006989D1 /* AerisAPI.swift in Sources */,
				F746F9AA1AF005A4006529BD /* LunarPhaseView.swift in Sources */,
				F7A6B7001ADDAD9100B6F119 /* String+WeatherIcons.swift in Sources */,
				F7EA0E251C90A96200AA964B /* JSON.swift in Sources */,
				F7D85CCD1BF27A9700280B31 /* QueryParameters.swift in Sources */,
				F7A6B6F21ADD91C000B6F119 /* NetworkControllerTests.swift in Sources */,
				F795BFAF1ADC7A0300DDEF87 /* NetworkController.swift in Sources */,
				F7A6B6F61ADDA31C00B6F119 /* LunarViewModelTests.swift in Sources */,
				F7A6B6ED1ADD7D5300B6F119 /* BadResponseURLProtocol.swift in Sources */,
				F795BFAE1ADC797200DDEF87 /* Moon.swift in Sources */,
				F7EA0E271C90AA5800AA964B /* PhaseTests.swift in Sources */,
				F75DC1921BFE5BD00034B2B5 /* NetworkError.swift in Sources */,
				F7EA0E261C90A98200AA964B /* MoonTests.swift in Sources */,
				F7B1A08D1C9F699900996E24 /* Reachable.swift in Sources */,
				F773370E1ADC7634005131B7 /* Phase.swift in Sources */,
				F746F9AB1AF005E6006529BD /* NSDate+Lunar.swift in Sources */,
			);
			runOnlyForDeploymentPostprocessing = 0;
		};
/* End PBXSourcesBuildPhase section */

/* Begin PBXTargetDependency section */
		F76576CB1AA42E00007B2AE5 /* PBXTargetDependency */ = {
			isa = PBXTargetDependency;
			target = F76576B31AA42E00007B2AE5 /* Luna */;
			targetProxy = F76576CA1AA42E00007B2AE5 /* PBXContainerItemProxy */;
		};
/* End PBXTargetDependency section */

/* Begin PBXVariantGroup section */
		F76576BD1AA42E00007B2AE5 /* Main.storyboard */ = {
			isa = PBXVariantGroup;
			children = (
				F76576BE1AA42E00007B2AE5 /* Base */,
			);
			name = Main.storyboard;
			sourceTree = "<group>";
		};
		F76576C21AA42E00007B2AE5 /* LaunchScreen.xib */ = {
			isa = PBXVariantGroup;
			children = (
				F76576C31AA42E00007B2AE5 /* Base */,
			);
			name = LaunchScreen.xib;
			sourceTree = "<group>";
		};
/* End PBXVariantGroup section */

/* Begin XCBuildConfiguration section */
		F76576D11AA42E00007B2AE5 /* Debug */ = {
			isa = XCBuildConfiguration;
			buildSettings = {
				ALWAYS_SEARCH_USER_PATHS = NO;
				CLANG_CXX_LANGUAGE_STANDARD = "gnu++0x";
				CLANG_CXX_LIBRARY = "libc++";
				CLANG_ENABLE_MODULES = YES;
				CLANG_ENABLE_OBJC_ARC = YES;
				CLANG_WARN_BOOL_CONVERSION = YES;
				CLANG_WARN_CONSTANT_CONVERSION = YES;
				CLANG_WARN_DIRECT_OBJC_ISA_USAGE = YES_ERROR;
				CLANG_WARN_EMPTY_BODY = YES;
				CLANG_WARN_ENUM_CONVERSION = YES;
				CLANG_WARN_INT_CONVERSION = YES;
				CLANG_WARN_OBJC_ROOT_CLASS = YES_ERROR;
				CLANG_WARN_UNREACHABLE_CODE = YES;
				CLANG_WARN__DUPLICATE_METHOD_MATCH = YES;
				"CODE_SIGN_IDENTITY[sdk=iphoneos*]" = "iPhone Developer";
				COPY_PHASE_STRIP = NO;
				DEBUG_INFORMATION_FORMAT = dwarf;
				ENABLE_STRICT_OBJC_MSGSEND = YES;
				ENABLE_TESTABILITY = YES;
				GCC_C_LANGUAGE_STANDARD = gnu99;
				GCC_DYNAMIC_NO_PIC = NO;
				GCC_NO_COMMON_BLOCKS = YES;
				GCC_OPTIMIZATION_LEVEL = 0;
				GCC_PREPROCESSOR_DEFINITIONS = (
					"DEBUG=1",
					"$(inherited)",
				);
				GCC_SYMBOLS_PRIVATE_EXTERN = NO;
				GCC_WARN_64_TO_32_BIT_CONVERSION = YES;
				GCC_WARN_ABOUT_RETURN_TYPE = YES_ERROR;
				GCC_WARN_UNDECLARED_SELECTOR = YES;
				GCC_WARN_UNINITIALIZED_AUTOS = YES_AGGRESSIVE;
				GCC_WARN_UNUSED_FUNCTION = YES;
				GCC_WARN_UNUSED_VARIABLE = YES;
				IPHONEOS_DEPLOYMENT_TARGET = 8.0;
				MTL_ENABLE_DEBUG_INFO = YES;
				ONLY_ACTIVE_ARCH = YES;
				SDKROOT = iphoneos;
				SWIFT_OPTIMIZATION_LEVEL = "-Onone";
				TARGETED_DEVICE_FAMILY = "1,2";
			};
			name = Debug;
		};
		F76576D21AA42E00007B2AE5 /* Release */ = {
			isa = XCBuildConfiguration;
			buildSettings = {
				ALWAYS_SEARCH_USER_PATHS = NO;
				CLANG_CXX_LANGUAGE_STANDARD = "gnu++0x";
				CLANG_CXX_LIBRARY = "libc++";
				CLANG_ENABLE_MODULES = YES;
				CLANG_ENABLE_OBJC_ARC = YES;
				CLANG_WARN_BOOL_CONVERSION = YES;
				CLANG_WARN_CONSTANT_CONVERSION = YES;
				CLANG_WARN_DIRECT_OBJC_ISA_USAGE = YES_ERROR;
				CLANG_WARN_EMPTY_BODY = YES;
				CLANG_WARN_ENUM_CONVERSION = YES;
				CLANG_WARN_INT_CONVERSION = YES;
				CLANG_WARN_OBJC_ROOT_CLASS = YES_ERROR;
				CLANG_WARN_UNREACHABLE_CODE = YES;
				CLANG_WARN__DUPLICATE_METHOD_MATCH = YES;
				"CODE_SIGN_IDENTITY[sdk=iphoneos*]" = "iPhone Developer";
				COPY_PHASE_STRIP = NO;
				DEBUG_INFORMATION_FORMAT = "dwarf-with-dsym";
				ENABLE_NS_ASSERTIONS = NO;
				ENABLE_STRICT_OBJC_MSGSEND = YES;
				GCC_C_LANGUAGE_STANDARD = gnu99;
				GCC_NO_COMMON_BLOCKS = YES;
				GCC_WARN_64_TO_32_BIT_CONVERSION = YES;
				GCC_WARN_ABOUT_RETURN_TYPE = YES_ERROR;
				GCC_WARN_UNDECLARED_SELECTOR = YES;
				GCC_WARN_UNINITIALIZED_AUTOS = YES_AGGRESSIVE;
				GCC_WARN_UNUSED_FUNCTION = YES;
				GCC_WARN_UNUSED_VARIABLE = YES;
				IPHONEOS_DEPLOYMENT_TARGET = 8.0;
				MTL_ENABLE_DEBUG_INFO = NO;
				SDKROOT = iphoneos;
				TARGETED_DEVICE_FAMILY = "1,2";
				VALIDATE_PRODUCT = YES;
			};
			name = Release;
		};
		F76576D41AA42E00007B2AE5 /* Debug */ = {
			isa = XCBuildConfiguration;
			buildSettings = {
				ASSETCATALOG_COMPILER_APPICON_NAME = AppIcon;
				EMBEDDED_CONTENT_CONTAINS_SWIFT = YES;
				INFOPLIST_FILE = Luna/Info.plist;
				IPHONEOS_DEPLOYMENT_TARGET = 8.0;
				LD_RUNPATH_SEARCH_PATHS = "$(inherited) @executable_path/Frameworks";
				PRODUCT_BUNDLE_IDENTIFIER = "org.cocoascientist.$(PRODUCT_NAME:rfc1034identifier)";
				PRODUCT_NAME = "$(TARGET_NAME)";
				TARGETED_DEVICE_FAMILY = 1;
			};
			name = Debug;
		};
		F76576D51AA42E00007B2AE5 /* Release */ = {
			isa = XCBuildConfiguration;
			buildSettings = {
				ASSETCATALOG_COMPILER_APPICON_NAME = AppIcon;
				EMBEDDED_CONTENT_CONTAINS_SWIFT = YES;
				INFOPLIST_FILE = Luna/Info.plist;
				IPHONEOS_DEPLOYMENT_TARGET = 8.0;
				LD_RUNPATH_SEARCH_PATHS = "$(inherited) @executable_path/Frameworks";
				PRODUCT_BUNDLE_IDENTIFIER = "org.cocoascientist.$(PRODUCT_NAME:rfc1034identifier)";
				PRODUCT_NAME = "$(TARGET_NAME)";
				TARGETED_DEVICE_FAMILY = 1;
			};
			name = Release;
		};
		F76576D71AA42E00007B2AE5 /* Debug */ = {
			isa = XCBuildConfiguration;
			buildSettings = {
				BUNDLE_LOADER = "$(TEST_HOST)";
				FRAMEWORK_SEARCH_PATHS = "$(inherited)";
				GCC_PREPROCESSOR_DEFINITIONS = (
					"DEBUG=1",
					"$(inherited)",
				);
				INFOPLIST_FILE = LunaTests/Info.plist;
				LD_RUNPATH_SEARCH_PATHS = "$(inherited) @executable_path/Frameworks @loader_path/Frameworks";
				PRODUCT_BUNDLE_IDENTIFIER = "org.cocoascientist.$(PRODUCT_NAME:rfc1034identifier)";
				PRODUCT_NAME = "$(TARGET_NAME)";
				TEST_HOST = "$(BUILT_PRODUCTS_DIR)/Luna.app/Luna";
			};
			name = Debug;
		};
		F76576D81AA42E00007B2AE5 /* Release */ = {
			isa = XCBuildConfiguration;
			buildSettings = {
				BUNDLE_LOADER = "$(TEST_HOST)";
				FRAMEWORK_SEARCH_PATHS = "$(inherited)";
				INFOPLIST_FILE = LunaTests/Info.plist;
				LD_RUNPATH_SEARCH_PATHS = "$(inherited) @executable_path/Frameworks @loader_path/Frameworks";
				PRODUCT_BUNDLE_IDENTIFIER = "org.cocoascientist.$(PRODUCT_NAME:rfc1034identifier)";
				PRODUCT_NAME = "$(TARGET_NAME)";
				TEST_HOST = "$(BUILT_PRODUCTS_DIR)/Luna.app/Luna";
			};
			name = Release;
		};
/* End XCBuildConfiguration section */

/* Begin XCConfigurationList section */
		F76576AF1AA42E00007B2AE5 /* Build configuration list for PBXProject "Luna" */ = {
			isa = XCConfigurationList;
			buildConfigurations = (
				F76576D11AA42E00007B2AE5 /* Debug */,
				F76576D21AA42E00007B2AE5 /* Release */,
			);
			defaultConfigurationIsVisible = 0;
			defaultConfigurationName = Release;
		};
		F76576D31AA42E00007B2AE5 /* Build configuration list for PBXNativeTarget "Luna" */ = {
			isa = XCConfigurationList;
			buildConfigurations = (
				F76576D41AA42E00007B2AE5 /* Debug */,
				F76576D51AA42E00007B2AE5 /* Release */,
			);
			defaultConfigurationIsVisible = 0;
			defaultConfigurationName = Release;
		};
		F76576D61AA42E00007B2AE5 /* Build configuration list for PBXNativeTarget "LunaTests" */ = {
			isa = XCConfigurationList;
			buildConfigurations = (
				F76576D71AA42E00007B2AE5 /* Debug */,
				F76576D81AA42E00007B2AE5 /* Release */,
			);
			defaultConfigurationIsVisible = 0;
			defaultConfigurationName = Release;
		};
/* End XCConfigurationList section */
	};
	rootObject = F76576AC1AA42E00007B2AE5 /* Project object */;
}
